// !$*UTF8*$!
{
	archiveVersion = 1;
	classes = {
	};
	objectVersion = 46;
	objects = {

/* Begin PBXBuildFile section */
		546F8D279040FD8280FE25B5 /* libPods-BLChat.a in Frameworks */ = {isa = PBXBuildFile; fileRef = 52091AA63C3541606F711640 /* libPods-BLChat.a */; };
		828C9078D8DF34C575A6B1EF /* BLMessagesContentNode.m in Sources */ = {isa = PBXBuildFile; fileRef = 828C911D6739F4A6672B98AA /* BLMessagesContentNode.m */; };
		828C91531E7995D8E1ACAE0B /* BLMessagesCollectionNode.m in Sources */ = {isa = PBXBuildFile; fileRef = 828C9855607890602D035871 /* BLMessagesCollectionNode.m */; };
		828C9395A2391420F48C7527 /* BLMessagesTextContentNode.m in Sources */ = {isa = PBXBuildFile; fileRef = 828C9F19540C264C006B83F1 /* BLMessagesTextContentNode.m */; };
		828C98D1F851ECAA3166AC08 /* BLMessagesTimeSeparatorNode.m in Sources */ = {isa = PBXBuildFile; fileRef = 828C9DA98F6DB4FA04119CC7 /* BLMessagesTimeSeparatorNode.m */; };
		828C9A05BDABE16CACCD0837 /* BLTextMessage.m in Sources */ = {isa = PBXBuildFile; fileRef = 828C9B496C335C9869A05322 /* BLTextMessage.m */; };
		828C9A7A5C7D167DDC6CB815 /* BLMessagesConstant.m in Sources */ = {isa = PBXBuildFile; fileRef = 828C9DCAF1AC81CAC8845B1E /* BLMessagesConstant.m */; };
		828C9BD0EE568D8DA8F22EFB /* BLMessagesCollectionNodeCell.m in Sources */ = {isa = PBXBuildFile; fileRef = 828C92FF7298967813209D2D /* BLMessagesCollectionNodeCell.m */; };
		828C9C5CB552638314850B7E /* BLMessagesPhotoContentNode.m in Sources */ = {isa = PBXBuildFile; fileRef = 828C934AFB74E0354A0CB249 /* BLMessagesPhotoContentNode.m */; };
		828C9E16040015E619F1662F /* BLMessagesViewControllerDataSource.m in Sources */ = {isa = PBXBuildFile; fileRef = 828C9B2E1AD0E99A0276E629 /* BLMessagesViewControllerDataSource.m */; };
		842258681E481B51007407CA /* BLDateFormatter.m in Sources */ = {isa = PBXBuildFile; fileRef = 842258671E481B51007407CA /* BLDateFormatter.m */; };
		842258911E485C63007407CA /* BLMessagesAudioContentNode.m in Sources */ = {isa = PBXBuildFile; fileRef = 842258901E485C63007407CA /* BLMessagesAudioContentNode.m */; };
		8422589A1E48666C007407CA /* audioMic@2x.png in Resources */ = {isa = PBXBuildFile; fileRef = 842258921E48666C007407CA /* audioMic@2x.png */; };
		8422589B1E48666C007407CA /* audioPlay_n@2x.png in Resources */ = {isa = PBXBuildFile; fileRef = 842258931E48666C007407CA /* audioPlay_n@2x.png */; };
		8422589C1E48666C007407CA /* audioPlay_n@3x.png in Resources */ = {isa = PBXBuildFile; fileRef = 842258941E48666C007407CA /* audioPlay_n@3x.png */; };
		8422589D1E48666C007407CA /* VoiceSearchFeedback001@2x.png in Resources */ = {isa = PBXBuildFile; fileRef = 842258951E48666C007407CA /* VoiceSearchFeedback001@2x.png */; };
		8422589E1E48666C007407CA /* VoiceSearchFeedback002@2x.png in Resources */ = {isa = PBXBuildFile; fileRef = 842258961E48666C007407CA /* VoiceSearchFeedback002@2x.png */; };
		8422589F1E48666C007407CA /* VoiceSearchFeedback003@2x.png in Resources */ = {isa = PBXBuildFile; fileRef = 842258971E48666C007407CA /* VoiceSearchFeedback003@2x.png */; };
		842258A01E48666C007407CA /* VoiceSearchFeedback004@2x.png in Resources */ = {isa = PBXBuildFile; fileRef = 842258981E48666C007407CA /* VoiceSearchFeedback004@2x.png */; };
		842258A11E48666C007407CA /* VoiceSearchFeedback005@2x.png in Resources */ = {isa = PBXBuildFile; fileRef = 842258991E48666C007407CA /* VoiceSearchFeedback005@2x.png */; };
		842258A41E4866B5007407CA /* audio_n@2x.png in Resources */ = {isa = PBXBuildFile; fileRef = 842258A21E4866B5007407CA /* audio_n@2x.png */; };
		842258A51E4866B5007407CA /* audio_n@3x.png in Resources */ = {isa = PBXBuildFile; fileRef = 842258A31E4866B5007407CA /* audio_n@3x.png */; };
		8436C0F21E38AF5800E53F50 /* send_MsgBg_h@2x.png in Resources */ = {isa = PBXBuildFile; fileRef = 8436C0E61E38AF5800E53F50 /* send_MsgBg_h@2x.png */; };
		8436C0F31E38AF5800E53F50 /* send_MsgBg_h@3x.png in Resources */ = {isa = PBXBuildFile; fileRef = 8436C0E71E38AF5800E53F50 /* send_MsgBg_h@3x.png */; };
		8436C0F41E38AF5800E53F50 /* send_MsgBg_Plain_h@2x.png in Resources */ = {isa = PBXBuildFile; fileRef = 8436C0E81E38AF5800E53F50 /* send_MsgBg_Plain_h@2x.png */; };
		8436C0F51E38AF5800E53F50 /* send_MsgBg_Plain_h@3x.png in Resources */ = {isa = PBXBuildFile; fileRef = 8436C0E91E38AF5800E53F50 /* send_MsgBg_Plain_h@3x.png */; };
		8436C0F61E38AF5800E53F50 /* send_MsgBg_Plain_n@2x.png in Resources */ = {isa = PBXBuildFile; fileRef = 8436C0EA1E38AF5800E53F50 /* send_MsgBg_Plain_n@2x.png */; };
		8436C0F71E38AF5800E53F50 /* send_MsgBg_Plain_n@3x.png in Resources */ = {isa = PBXBuildFile; fileRef = 8436C0EB1E38AF5800E53F50 /* send_MsgBg_Plain_n@3x.png */; };
		8436C0F81E38AF5800E53F50 /* send_MsgBg_S_Play@2x.png in Resources */ = {isa = PBXBuildFile; fileRef = 8436C0EC1E38AF5800E53F50 /* send_MsgBg_S_Play@2x.png */; };
		8436C0F91E38AF5800E53F50 /* send_MsgBg_S_Play@3x.png in Resources */ = {isa = PBXBuildFile; fileRef = 8436C0ED1E38AF5800E53F50 /* send_MsgBg_S_Play@3x.png */; };
		8436C0FA1E38AF5800E53F50 /* send_MsgBg_S@2x.png in Resources */ = {isa = PBXBuildFile; fileRef = 8436C0EE1E38AF5800E53F50 /* send_MsgBg_S@2x.png */; };
		8436C0FB1E38AF5800E53F50 /* send_MsgBg_S@3x.png in Resources */ = {isa = PBXBuildFile; fileRef = 8436C0EF1E38AF5800E53F50 /* send_MsgBg_S@3x.png */; };
		8436C0FC1E38AF5800E53F50 /* send_MsgBg@2x.png in Resources */ = {isa = PBXBuildFile; fileRef = 8436C0F01E38AF5800E53F50 /* send_MsgBg@2x.png */; };
		8436C0FD1E38AF5800E53F50 /* send_MsgBg@3x.png in Resources */ = {isa = PBXBuildFile; fileRef = 8436C0F11E38AF5800E53F50 /* send_MsgBg@3x.png */; };
		8436C1041E38AF8300E53F50 /* receive_MsgBg_h@2x.png in Resources */ = {isa = PBXBuildFile; fileRef = 8436C0FE1E38AF8300E53F50 /* receive_MsgBg_h@2x.png */; };
		8436C1051E38AF8300E53F50 /* receive_MsgBg_h@3x.png in Resources */ = {isa = PBXBuildFile; fileRef = 8436C0FF1E38AF8300E53F50 /* receive_MsgBg_h@3x.png */; };
		8436C1061E38AF8300E53F50 /* receive_MsgBg@2x.png in Resources */ = {isa = PBXBuildFile; fileRef = 8436C1001E38AF8300E53F50 /* receive_MsgBg@2x.png */; };
		8436C1071E38AF8300E53F50 /* receive_MsgBg@3x.png in Resources */ = {isa = PBXBuildFile; fileRef = 8436C1011E38AF8300E53F50 /* receive_MsgBg@3x.png */; };
		8436C1081E38AF8300E53F50 /* receive_MsgBgplay@2x.png in Resources */ = {isa = PBXBuildFile; fileRef = 8436C1021E38AF8300E53F50 /* receive_MsgBgplay@2x.png */; };
		8436C1091E38AF8300E53F50 /* receive_MsgBgplay@3x.png in Resources */ = {isa = PBXBuildFile; fileRef = 8436C1031E38AF8300E53F50 /* receive_MsgBgplay@3x.png */; };
		8436C10B1E38B1A700E53F50 /* beiliao@2x.png in Resources */ = {isa = PBXBuildFile; fileRef = 8436C10A1E38B1A700E53F50 /* beiliao@2x.png */; };
		845133A71E363A1C00E57E09 /* BLMessage.m in Sources */ = {isa = PBXBuildFile; fileRef = 845133A61E363A1C00E57E09 /* BLMessage.m */; };
		F7546F7C1E2E2DA2003E38DE /* main.m in Sources */ = {isa = PBXBuildFile; fileRef = F7546F7B1E2E2DA2003E38DE /* main.m */; };
		F7546F7F1E2E2DA2003E38DE /* AppDelegate.m in Sources */ = {isa = PBXBuildFile; fileRef = F7546F7E1E2E2DA2003E38DE /* AppDelegate.m */; };
		F7546F821E2E2DA2003E38DE /* ViewController.m in Sources */ = {isa = PBXBuildFile; fileRef = F7546F811E2E2DA2003E38DE /* ViewController.m */; };
		F7546F851E2E2DA2003E38DE /* Main.storyboard in Resources */ = {isa = PBXBuildFile; fileRef = F7546F831E2E2DA2003E38DE /* Main.storyboard */; };
		F7546F871E2E2DA2003E38DE /* Assets.xcassets in Resources */ = {isa = PBXBuildFile; fileRef = F7546F861E2E2DA2003E38DE /* Assets.xcassets */; };
		F7546F951E2E2DA2003E38DE /* BLChatTests.m in Sources */ = {isa = PBXBuildFile; fileRef = F7546F941E2E2DA2003E38DE /* BLChatTests.m */; };
		F7546FA01E2E2DA2003E38DE /* BLChatUITests.m in Sources */ = {isa = PBXBuildFile; fileRef = F7546F9F1E2E2DA2003E38DE /* BLChatUITests.m */; };
		F76776341E37623B006F36C3 /* BLMessagesViewController.m in Sources */ = {isa = PBXBuildFile; fileRef = F76776331E37623B006F36C3 /* BLMessagesViewController.m */; };
		F7872BF81E373CCC0089C176 /* Message_List_Voice_H@2x.png in Resources */ = {isa = PBXBuildFile; fileRef = F7872BF41E373CCC0089C176 /* Message_List_Voice_H@2x.png */; };
		F7872BF91E373CCC0089C176 /* Message_List_Voice_H@3x.png in Resources */ = {isa = PBXBuildFile; fileRef = F7872BF51E373CCC0089C176 /* Message_List_Voice_H@3x.png */; };
		F7872BFA1E373CCC0089C176 /* Message_List_Voice_N@2x.png in Resources */ = {isa = PBXBuildFile; fileRef = F7872BF61E373CCC0089C176 /* Message_List_Voice_N@2x.png */; };
		F7872BFB1E373CCC0089C176 /* Message_List_Voice_N@3x.png in Resources */ = {isa = PBXBuildFile; fileRef = F7872BF71E373CCC0089C176 /* Message_List_Voice_N@3x.png */; };
		F7872C001E373CD60089C176 /* Message_List_Recent_H@2x.png in Resources */ = {isa = PBXBuildFile; fileRef = F7872BFC1E373CD60089C176 /* Message_List_Recent_H@2x.png */; };
		F7872C011E373CD60089C176 /* Message_List_Recent_H@3x.png in Resources */ = {isa = PBXBuildFile; fileRef = F7872BFD1E373CD60089C176 /* Message_List_Recent_H@3x.png */; };
		F7872C021E373CD60089C176 /* Message_List_Recent_N@2x.png in Resources */ = {isa = PBXBuildFile; fileRef = F7872BFE1E373CD60089C176 /* Message_List_Recent_N@2x.png */; };
		F7872C031E373CD60089C176 /* Message_List_Recent_N@3x.png in Resources */ = {isa = PBXBuildFile; fileRef = F7872BFF1E373CD60089C176 /* Message_List_Recent_N@3x.png */; };
		F7872C101E373CE00089C176 /* Message_List_Keyboard_H@2x.png in Resources */ = {isa = PBXBuildFile; fileRef = F7872C041E373CE00089C176 /* Message_List_Keyboard_H@2x.png */; };
		F7872C111E373CE00089C176 /* Message_List_Keyboard_H@3x.png in Resources */ = {isa = PBXBuildFile; fileRef = F7872C051E373CE00089C176 /* Message_List_Keyboard_H@3x.png */; };
		F7872C121E373CE00089C176 /* Message_List_Keyboard_N@2x.png in Resources */ = {isa = PBXBuildFile; fileRef = F7872C061E373CE00089C176 /* Message_List_Keyboard_N@2x.png */; };
		F7872C131E373CE00089C176 /* Message_List_Keyboard_N@3x.png in Resources */ = {isa = PBXBuildFile; fileRef = F7872C071E373CE00089C176 /* Message_List_Keyboard_N@3x.png */; };
		F7872C141E373CE00089C176 /* Message_List_More_H@2x.png in Resources */ = {isa = PBXBuildFile; fileRef = F7872C081E373CE00089C176 /* Message_List_More_H@2x.png */; };
		F7872C151E373CE00089C176 /* Message_List_More_H@3x.png in Resources */ = {isa = PBXBuildFile; fileRef = F7872C091E373CE00089C176 /* Message_List_More_H@3x.png */; };
		F7872C161E373CE00089C176 /* Message_List_More_N@2x.png in Resources */ = {isa = PBXBuildFile; fileRef = F7872C0A1E373CE00089C176 /* Message_List_More_N@2x.png */; };
		F7872C171E373CE00089C176 /* Message_List_More_N@3x.png in Resources */ = {isa = PBXBuildFile; fileRef = F7872C0B1E373CE00089C176 /* Message_List_More_N@3x.png */; };
		F7872C181E373CE00089C176 /* Message_List_MoreC_H@2x.png in Resources */ = {isa = PBXBuildFile; fileRef = F7872C0C1E373CE00089C176 /* Message_List_MoreC_H@2x.png */; };
		F7872C191E373CE00089C176 /* Message_List_MoreC_H@3x.png in Resources */ = {isa = PBXBuildFile; fileRef = F7872C0D1E373CE00089C176 /* Message_List_MoreC_H@3x.png */; };
		F7872C1A1E373CE00089C176 /* Message_List_MoreC_N@2x.png in Resources */ = {isa = PBXBuildFile; fileRef = F7872C0E1E373CE00089C176 /* Message_List_MoreC_N@2x.png */; };
		F7872C1B1E373CE00089C176 /* Message_List_MoreC_N@3x.png in Resources */ = {isa = PBXBuildFile; fileRef = F7872C0F1E373CE00089C176 /* Message_List_MoreC_N@3x.png */; };
		F7872C201E37413C0089C176 /* Message_List_Emoji_H@2x.png in Resources */ = {isa = PBXBuildFile; fileRef = F7872C1C1E37413C0089C176 /* Message_List_Emoji_H@2x.png */; };
		F7872C211E37413C0089C176 /* Message_List_Emoji_H@3x.png in Resources */ = {isa = PBXBuildFile; fileRef = F7872C1D1E37413C0089C176 /* Message_List_Emoji_H@3x.png */; };
		F7872C221E37413C0089C176 /* Message_List_Emoji_N@2x.png in Resources */ = {isa = PBXBuildFile; fileRef = F7872C1E1E37413C0089C176 /* Message_List_Emoji_N@2x.png */; };
		F7872C231E37413C0089C176 /* Message_List_Emoji_N@3x.png in Resources */ = {isa = PBXBuildFile; fileRef = F7872C1F1E37413C0089C176 /* Message_List_Emoji_N@3x.png */; };
		F7A742111E36F3A5004AF3DB /* FaceBoard.m in Sources */ = {isa = PBXBuildFile; fileRef = F7A741C81E36F3A5004AF3DB /* FaceBoard.m */; };
		F7A742121E36F3A5004AF3DB /* FaceButton.m in Sources */ = {isa = PBXBuildFile; fileRef = F7A741CA1E36F3A5004AF3DB /* FaceButton.m */; };
		F7A742131E36F3A5004AF3DB /* GrayPageControl.m in Sources */ = {isa = PBXBuildFile; fileRef = F7A741CC1E36F3A5004AF3DB /* GrayPageControl.m */; };
		F7A742141E36F3A5004AF3DB /* Lulu.plist in Resources */ = {isa = PBXBuildFile; fileRef = F7A741CD1E36F3A5004AF3DB /* Lulu.plist */; };
		F7A742151E36F3A5004AF3DB /* 001@2x.png in Resources */ = {isa = PBXBuildFile; fileRef = F7A741CF1E36F3A5004AF3DB /* 001@2x.png */; };
		F7A742161E36F3A5004AF3DB /* 002@2x.png in Resources */ = {isa = PBXBuildFile; fileRef = F7A741D01E36F3A5004AF3DB /* 002@2x.png */; };
		F7A742171E36F3A5004AF3DB /* 003@2x.png in Resources */ = {isa = PBXBuildFile; fileRef = F7A741D11E36F3A5004AF3DB /* 003@2x.png */; };
		F7A742181E36F3A5004AF3DB /* 004@2x.png in Resources */ = {isa = PBXBuildFile; fileRef = F7A741D21E36F3A5004AF3DB /* 004@2x.png */; };
		F7A742191E36F3A5004AF3DB /* 005@2x.png in Resources */ = {isa = PBXBuildFile; fileRef = F7A741D31E36F3A5004AF3DB /* 005@2x.png */; };
		F7A7421A1E36F3A5004AF3DB /* 006@2x.png in Resources */ = {isa = PBXBuildFile; fileRef = F7A741D41E36F3A5004AF3DB /* 006@2x.png */; };
		F7A7421B1E36F3A5004AF3DB /* 007@2x.png in Resources */ = {isa = PBXBuildFile; fileRef = F7A741D51E36F3A5004AF3DB /* 007@2x.png */; };
		F7A7421C1E36F3A5004AF3DB /* 008@2x.png in Resources */ = {isa = PBXBuildFile; fileRef = F7A741D61E36F3A5004AF3DB /* 008@2x.png */; };
		F7A7421D1E36F3A5004AF3DB /* 009@2x.png in Resources */ = {isa = PBXBuildFile; fileRef = F7A741D71E36F3A5004AF3DB /* 009@2x.png */; };
		F7A7421E1E36F3A5004AF3DB /* 010@2x.png in Resources */ = {isa = PBXBuildFile; fileRef = F7A741D81E36F3A5004AF3DB /* 010@2x.png */; };
		F7A7421F1E36F3A5004AF3DB /* 011@2x.png in Resources */ = {isa = PBXBuildFile; fileRef = F7A741D91E36F3A5004AF3DB /* 011@2x.png */; };
		F7A742201E36F3A5004AF3DB /* 012@2x.png in Resources */ = {isa = PBXBuildFile; fileRef = F7A741DA1E36F3A5004AF3DB /* 012@2x.png */; };
		F7A742211E36F3A5004AF3DB /* 013@2x.png in Resources */ = {isa = PBXBuildFile; fileRef = F7A741DB1E36F3A5004AF3DB /* 013@2x.png */; };
		F7A742221E36F3A5004AF3DB /* 014@2x.png in Resources */ = {isa = PBXBuildFile; fileRef = F7A741DC1E36F3A5004AF3DB /* 014@2x.png */; };
		F7A742231E36F3A5004AF3DB /* 015@2x.png in Resources */ = {isa = PBXBuildFile; fileRef = F7A741DD1E36F3A5004AF3DB /* 015@2x.png */; };
		F7A742241E36F3A5004AF3DB /* 016@2x.png in Resources */ = {isa = PBXBuildFile; fileRef = F7A741DE1E36F3A5004AF3DB /* 016@2x.png */; };
		F7A742251E36F3A5004AF3DB /* 017@2x.png in Resources */ = {isa = PBXBuildFile; fileRef = F7A741DF1E36F3A5004AF3DB /* 017@2x.png */; };
		F7A742261E36F3A5004AF3DB /* 018@2x.png in Resources */ = {isa = PBXBuildFile; fileRef = F7A741E01E36F3A5004AF3DB /* 018@2x.png */; };
		F7A742271E36F3A5004AF3DB /* 019@2x.png in Resources */ = {isa = PBXBuildFile; fileRef = F7A741E11E36F3A5004AF3DB /* 019@2x.png */; };
		F7A742281E36F3A5004AF3DB /* 020@2x.png in Resources */ = {isa = PBXBuildFile; fileRef = F7A741E21E36F3A5004AF3DB /* 020@2x.png */; };
		F7A742291E36F3A5004AF3DB /* 021@2x.png in Resources */ = {isa = PBXBuildFile; fileRef = F7A741E31E36F3A5004AF3DB /* 021@2x.png */; };
		F7A7422A1E36F3A5004AF3DB /* 022@2x.png in Resources */ = {isa = PBXBuildFile; fileRef = F7A741E41E36F3A5004AF3DB /* 022@2x.png */; };
		F7A7422B1E36F3A5004AF3DB /* 023@2x.png in Resources */ = {isa = PBXBuildFile; fileRef = F7A741E51E36F3A5004AF3DB /* 023@2x.png */; };
		F7A7422C1E36F3A5004AF3DB /* 024@2x.png in Resources */ = {isa = PBXBuildFile; fileRef = F7A741E61E36F3A5004AF3DB /* 024@2x.png */; };
		F7A7422D1E36F3A5004AF3DB /* 025@2x.png in Resources */ = {isa = PBXBuildFile; fileRef = F7A741E71E36F3A5004AF3DB /* 025@2x.png */; };
		F7A7422E1E36F3A5004AF3DB /* 026@2x.png in Resources */ = {isa = PBXBuildFile; fileRef = F7A741E81E36F3A5004AF3DB /* 026@2x.png */; };
		F7A7422F1E36F3A5004AF3DB /* 027@2x.png in Resources */ = {isa = PBXBuildFile; fileRef = F7A741E91E36F3A5004AF3DB /* 027@2x.png */; };
		F7A742301E36F3A5004AF3DB /* 028@2x.png in Resources */ = {isa = PBXBuildFile; fileRef = F7A741EA1E36F3A5004AF3DB /* 028@2x.png */; };
		F7A742311E36F3A5004AF3DB /* 029@2x.png in Resources */ = {isa = PBXBuildFile; fileRef = F7A741EB1E36F3A5004AF3DB /* 029@2x.png */; };
		F7A742321E36F3A5004AF3DB /* 030@2x.png in Resources */ = {isa = PBXBuildFile; fileRef = F7A741EC1E36F3A5004AF3DB /* 030@2x.png */; };
		F7A742331E36F3A5004AF3DB /* 031@2x.png in Resources */ = {isa = PBXBuildFile; fileRef = F7A741ED1E36F3A5004AF3DB /* 031@2x.png */; };
		F7A742341E36F3A5004AF3DB /* 032@2x.png in Resources */ = {isa = PBXBuildFile; fileRef = F7A741EE1E36F3A5004AF3DB /* 032@2x.png */; };
		F7A742351E36F3A5004AF3DB /* 033@2x.png in Resources */ = {isa = PBXBuildFile; fileRef = F7A741EF1E36F3A5004AF3DB /* 033@2x.png */; };
		F7A742361E36F3A5004AF3DB /* 034@2x.png in Resources */ = {isa = PBXBuildFile; fileRef = F7A741F01E36F3A5004AF3DB /* 034@2x.png */; };
		F7A742371E36F3A5004AF3DB /* 035@2x.png in Resources */ = {isa = PBXBuildFile; fileRef = F7A741F11E36F3A5004AF3DB /* 035@2x.png */; };
		F7A742381E36F3A5004AF3DB /* 036@2x.png in Resources */ = {isa = PBXBuildFile; fileRef = F7A741F21E36F3A5004AF3DB /* 036@2x.png */; };
		F7A742391E36F3A5004AF3DB /* 037@2x.png in Resources */ = {isa = PBXBuildFile; fileRef = F7A741F31E36F3A5004AF3DB /* 037@2x.png */; };
		F7A7423A1E36F3A5004AF3DB /* 038@2x.png in Resources */ = {isa = PBXBuildFile; fileRef = F7A741F41E36F3A5004AF3DB /* 038@2x.png */; };
		F7A7423B1E36F3A5004AF3DB /* 039@2x.png in Resources */ = {isa = PBXBuildFile; fileRef = F7A741F51E36F3A5004AF3DB /* 039@2x.png */; };
		F7A7423C1E36F3A5004AF3DB /* 040@2x.png in Resources */ = {isa = PBXBuildFile; fileRef = F7A741F61E36F3A5004AF3DB /* 040@2x.png */; };
		F7A7423D1E36F3A5004AF3DB /* 041@2x.png in Resources */ = {isa = PBXBuildFile; fileRef = F7A741F71E36F3A5004AF3DB /* 041@2x.png */; };
		F7A7423E1E36F3A5004AF3DB /* 042@2x.png in Resources */ = {isa = PBXBuildFile; fileRef = F7A741F81E36F3A5004AF3DB /* 042@2x.png */; };
		F7A7423F1E36F3A5004AF3DB /* 043@2x.png in Resources */ = {isa = PBXBuildFile; fileRef = F7A741F91E36F3A5004AF3DB /* 043@2x.png */; };
		F7A742401E36F3A5004AF3DB /* 044@2x.png in Resources */ = {isa = PBXBuildFile; fileRef = F7A741FA1E36F3A5004AF3DB /* 044@2x.png */; };
		F7A742411E36F3A5004AF3DB /* 045@2x.png in Resources */ = {isa = PBXBuildFile; fileRef = F7A741FB1E36F3A5004AF3DB /* 045@2x.png */; };
		F7A742421E36F3A5004AF3DB /* 046@2x.png in Resources */ = {isa = PBXBuildFile; fileRef = F7A741FC1E36F3A5004AF3DB /* 046@2x.png */; };
		F7A742431E36F3A5004AF3DB /* 047@2x.png in Resources */ = {isa = PBXBuildFile; fileRef = F7A741FD1E36F3A5004AF3DB /* 047@2x.png */; };
		F7A742441E36F3A5004AF3DB /* 048@2x.png in Resources */ = {isa = PBXBuildFile; fileRef = F7A741FE1E36F3A5004AF3DB /* 048@2x.png */; };
		F7A742451E36F3A5004AF3DB /* 049@2x.png in Resources */ = {isa = PBXBuildFile; fileRef = F7A741FF1E36F3A5004AF3DB /* 049@2x.png */; };
		F7A742461E36F3A5004AF3DB /* 050@2x.png in Resources */ = {isa = PBXBuildFile; fileRef = F7A742001E36F3A5004AF3DB /* 050@2x.png */; };
		F7A742471E36F3A5004AF3DB /* 051@2x.png in Resources */ = {isa = PBXBuildFile; fileRef = F7A742011E36F3A5004AF3DB /* 051@2x.png */; };
		F7A742481E36F3A5004AF3DB /* 052@2x.png in Resources */ = {isa = PBXBuildFile; fileRef = F7A742021E36F3A5004AF3DB /* 052@2x.png */; };
		F7A742491E36F3A5004AF3DB /* 053@2x.png in Resources */ = {isa = PBXBuildFile; fileRef = F7A742031E36F3A5004AF3DB /* 053@2x.png */; };
		F7A7424A1E36F3A5004AF3DB /* 054@2x.png in Resources */ = {isa = PBXBuildFile; fileRef = F7A742041E36F3A5004AF3DB /* 054@2x.png */; };
		F7A7424B1E36F3A5004AF3DB /* 055@2x.png in Resources */ = {isa = PBXBuildFile; fileRef = F7A742051E36F3A5004AF3DB /* 055@2x.png */; };
		F7A7424C1E36F3A5004AF3DB /* 056@2x.png in Resources */ = {isa = PBXBuildFile; fileRef = F7A742061E36F3A5004AF3DB /* 056@2x.png */; };
		F7A7424D1E36F3A5004AF3DB /* 057@2x.png in Resources */ = {isa = PBXBuildFile; fileRef = F7A742071E36F3A5004AF3DB /* 057@2x.png */; };
		F7A7424E1E36F3A5004AF3DB /* 058@2x.png in Resources */ = {isa = PBXBuildFile; fileRef = F7A742081E36F3A5004AF3DB /* 058@2x.png */; };
		F7A7424F1E36F3A5004AF3DB /* 059@2x.png in Resources */ = {isa = PBXBuildFile; fileRef = F7A742091E36F3A5004AF3DB /* 059@2x.png */; };
		F7A742501E36F3A5004AF3DB /* 060@2x.png in Resources */ = {isa = PBXBuildFile; fileRef = F7A7420A1E36F3A5004AF3DB /* 060@2x.png */; };
		F7A742511E36F3A5004AF3DB /* 099@2x.png in Resources */ = {isa = PBXBuildFile; fileRef = F7A7420B1E36F3A5004AF3DB /* 099@2x.png */; };
		F7A742521E36F3A5004AF3DB /* active_page_image@2x.png in Resources */ = {isa = PBXBuildFile; fileRef = F7A7420D1E36F3A5004AF3DB /* active_page_image@2x.png */; };
		F7A742531E36F3A5004AF3DB /* backFace@2x.png in Resources */ = {isa = PBXBuildFile; fileRef = F7A7420E1E36F3A5004AF3DB /* backFace@2x.png */; };
		F7A742541E36F3A5004AF3DB /* backFaceSelect@2x.png in Resources */ = {isa = PBXBuildFile; fileRef = F7A7420F1E36F3A5004AF3DB /* backFaceSelect@2x.png */; };
		F7A742551E36F3A5004AF3DB /* inactive_page_image@2x.png in Resources */ = {isa = PBXBuildFile; fileRef = F7A742101E36F3A5004AF3DB /* inactive_page_image@2x.png */; };
		F7A742591E372D4A004AF3DB /* BLMessageInputToolBarViewController.m in Sources */ = {isa = PBXBuildFile; fileRef = F7A742581E372D4A004AF3DB /* BLMessageInputToolBarViewController.m */; };
		F7A7425D1E373519004AF3DB /* BLMessageInputToolBarNode.m in Sources */ = {isa = PBXBuildFile; fileRef = F7A7425C1E373519004AF3DB /* BLMessageInputToolBarNode.m */; };
		F7AC8E551E48883C004E681C /* BLFaceBoardNode.m in Sources */ = {isa = PBXBuildFile; fileRef = F7AC8E541E48883C004E681C /* BLFaceBoardNode.m */; };
/* End PBXBuildFile section */

/* Begin PBXContainerItemProxy section */
		F7546F911E2E2DA2003E38DE /* PBXContainerItemProxy */ = {
			isa = PBXContainerItemProxy;
			containerPortal = F7546F6F1E2E2DA2003E38DE /* Project object */;
			proxyType = 1;
			remoteGlobalIDString = F7546F761E2E2DA2003E38DE;
			remoteInfo = BLChat;
		};
		F7546F9C1E2E2DA2003E38DE /* PBXContainerItemProxy */ = {
			isa = PBXContainerItemProxy;
			containerPortal = F7546F6F1E2E2DA2003E38DE /* Project object */;
			proxyType = 1;
			remoteGlobalIDString = F7546F761E2E2DA2003E38DE;
			remoteInfo = BLChat;
		};
/* End PBXContainerItemProxy section */

/* Begin PBXFileReference section */
		03DF93984C9E9A3DDCC27876 /* Pods-BLChat.debug.xcconfig */ = {isa = PBXFileReference; includeInIndex = 1; lastKnownFileType = text.xcconfig; name = "Pods-BLChat.debug.xcconfig"; path = "Pods/Target Support Files/Pods-BLChat/Pods-BLChat.debug.xcconfig"; sourceTree = "<group>"; };
		52091AA63C3541606F711640 /* libPods-BLChat.a */ = {isa = PBXFileReference; explicitFileType = archive.ar; includeInIndex = 0; path = "libPods-BLChat.a"; sourceTree = BUILT_PRODUCTS_DIR; };
		828C911D6739F4A6672B98AA /* BLMessagesContentNode.m */ = {isa = PBXFileReference; fileEncoding = 4; lastKnownFileType = sourcecode.c.objc; path = BLMessagesContentNode.m; sourceTree = "<group>"; };
		828C92FB6C1174FBBA812336 /* BLMessagesPhotoContentNode.h */ = {isa = PBXFileReference; fileEncoding = 4; lastKnownFileType = sourcecode.c.h; path = BLMessagesPhotoContentNode.h; sourceTree = "<group>"; };
		828C92FF7298967813209D2D /* BLMessagesCollectionNodeCell.m */ = {isa = PBXFileReference; fileEncoding = 4; lastKnownFileType = sourcecode.c.objc; path = BLMessagesCollectionNodeCell.m; sourceTree = "<group>"; };
		828C934AFB74E0354A0CB249 /* BLMessagesPhotoContentNode.m */ = {isa = PBXFileReference; fileEncoding = 4; lastKnownFileType = sourcecode.c.objc; path = BLMessagesPhotoContentNode.m; sourceTree = "<group>"; };
		828C94D0C059B9DEB17731DB /* BLTextMessage.h */ = {isa = PBXFileReference; fileEncoding = 4; lastKnownFileType = sourcecode.c.h; path = BLTextMessage.h; sourceTree = "<group>"; };
		828C95E3CC62C3787DF6D683 /* BLMessagesContentNode.h */ = {isa = PBXFileReference; fileEncoding = 4; lastKnownFileType = sourcecode.c.h; path = BLMessagesContentNode.h; sourceTree = "<group>"; };
		828C96D6A88762E274157D06 /* BLMessagesTextContentNode.h */ = {isa = PBXFileReference; fileEncoding = 4; lastKnownFileType = sourcecode.c.h; path = BLMessagesTextContentNode.h; sourceTree = "<group>"; };
		828C96D7F734C1975B3C0BAE /* BLMessagesViewControllerDataSource.h */ = {isa = PBXFileReference; fileEncoding = 4; lastKnownFileType = sourcecode.c.h; path = BLMessagesViewControllerDataSource.h; sourceTree = "<group>"; };
		828C96E0AAF5463D53A77854 /* BLMessagesCollectionNode.h */ = {isa = PBXFileReference; fileEncoding = 4; lastKnownFileType = sourcecode.c.h; path = BLMessagesCollectionNode.h; sourceTree = "<group>"; };
		828C980F6FCD6AC2B6A9464C /* BLMessagesCollectionNodeCell.h */ = {isa = PBXFileReference; fileEncoding = 4; lastKnownFileType = sourcecode.c.h; path = BLMessagesCollectionNodeCell.h; sourceTree = "<group>"; };
		828C9855607890602D035871 /* BLMessagesCollectionNode.m */ = {isa = PBXFileReference; fileEncoding = 4; lastKnownFileType = sourcecode.c.objc; path = BLMessagesCollectionNode.m; sourceTree = "<group>"; };
		828C9885F14CE3BC26FABD2B /* BLMessagesTimeSeparatorNode.h */ = {isa = PBXFileReference; fileEncoding = 4; lastKnownFileType = sourcecode.c.h; path = BLMessagesTimeSeparatorNode.h; sourceTree = "<group>"; };
		828C9B2E1AD0E99A0276E629 /* BLMessagesViewControllerDataSource.m */ = {isa = PBXFileReference; fileEncoding = 4; lastKnownFileType = sourcecode.c.objc; path = BLMessagesViewControllerDataSource.m; sourceTree = "<group>"; };
		828C9B496C335C9869A05322 /* BLTextMessage.m */ = {isa = PBXFileReference; fileEncoding = 4; lastKnownFileType = sourcecode.c.objc; path = BLTextMessage.m; sourceTree = "<group>"; };
		828C9DA98F6DB4FA04119CC7 /* BLMessagesTimeSeparatorNode.m */ = {isa = PBXFileReference; fileEncoding = 4; lastKnownFileType = sourcecode.c.objc; path = BLMessagesTimeSeparatorNode.m; sourceTree = "<group>"; };
		828C9DCAF1AC81CAC8845B1E /* BLMessagesConstant.m */ = {isa = PBXFileReference; fileEncoding = 4; lastKnownFileType = sourcecode.c.objc; path = BLMessagesConstant.m; sourceTree = "<group>"; };
		828C9F19540C264C006B83F1 /* BLMessagesTextContentNode.m */ = {isa = PBXFileReference; fileEncoding = 4; lastKnownFileType = sourcecode.c.objc; path = BLMessagesTextContentNode.m; sourceTree = "<group>"; };
		828C9F3E5C2FFE665C53C921 /* BLMessagesConstant.h */ = {isa = PBXFileReference; fileEncoding = 4; lastKnownFileType = sourcecode.c.h; path = BLMessagesConstant.h; sourceTree = "<group>"; };
		842258661E481B51007407CA /* BLDateFormatter.h */ = {isa = PBXFileReference; fileEncoding = 4; lastKnownFileType = sourcecode.c.h; path = BLDateFormatter.h; sourceTree = "<group>"; };
		842258671E481B51007407CA /* BLDateFormatter.m */ = {isa = PBXFileReference; fileEncoding = 4; lastKnownFileType = sourcecode.c.objc; path = BLDateFormatter.m; sourceTree = "<group>"; };
		8422588F1E485C63007407CA /* BLMessagesAudioContentNode.h */ = {isa = PBXFileReference; fileEncoding = 4; lastKnownFileType = sourcecode.c.h; path = BLMessagesAudioContentNode.h; sourceTree = "<group>"; };
		842258901E485C63007407CA /* BLMessagesAudioContentNode.m */ = {isa = PBXFileReference; fileEncoding = 4; lastKnownFileType = sourcecode.c.objc; path = BLMessagesAudioContentNode.m; sourceTree = "<group>"; };
		842258921E48666C007407CA /* audioMic@2x.png */ = {isa = PBXFileReference; lastKnownFileType = image.png; path = "audioMic@2x.png"; sourceTree = "<group>"; };
		842258931E48666C007407CA /* audioPlay_n@2x.png */ = {isa = PBXFileReference; lastKnownFileType = image.png; path = "audioPlay_n@2x.png"; sourceTree = "<group>"; };
		842258941E48666C007407CA /* audioPlay_n@3x.png */ = {isa = PBXFileReference; lastKnownFileType = image.png; path = "audioPlay_n@3x.png"; sourceTree = "<group>"; };
		842258951E48666C007407CA /* VoiceSearchFeedback001@2x.png */ = {isa = PBXFileReference; lastKnownFileType = image.png; path = "VoiceSearchFeedback001@2x.png"; sourceTree = "<group>"; };
		842258961E48666C007407CA /* VoiceSearchFeedback002@2x.png */ = {isa = PBXFileReference; lastKnownFileType = image.png; path = "VoiceSearchFeedback002@2x.png"; sourceTree = "<group>"; };
		842258971E48666C007407CA /* VoiceSearchFeedback003@2x.png */ = {isa = PBXFileReference; lastKnownFileType = image.png; path = "VoiceSearchFeedback003@2x.png"; sourceTree = "<group>"; };
		842258981E48666C007407CA /* VoiceSearchFeedback004@2x.png */ = {isa = PBXFileReference; lastKnownFileType = image.png; path = "VoiceSearchFeedback004@2x.png"; sourceTree = "<group>"; };
		842258991E48666C007407CA /* VoiceSearchFeedback005@2x.png */ = {isa = PBXFileReference; lastKnownFileType = image.png; path = "VoiceSearchFeedback005@2x.png"; sourceTree = "<group>"; };
		842258A21E4866B5007407CA /* audio_n@2x.png */ = {isa = PBXFileReference; lastKnownFileType = image.png; path = "audio_n@2x.png"; sourceTree = "<group>"; };
		842258A31E4866B5007407CA /* audio_n@3x.png */ = {isa = PBXFileReference; lastKnownFileType = image.png; path = "audio_n@3x.png"; sourceTree = "<group>"; };
		8436C0E61E38AF5800E53F50 /* send_MsgBg_h@2x.png */ = {isa = PBXFileReference; lastKnownFileType = image.png; path = "send_MsgBg_h@2x.png"; sourceTree = "<group>"; };
		8436C0E71E38AF5800E53F50 /* send_MsgBg_h@3x.png */ = {isa = PBXFileReference; lastKnownFileType = image.png; path = "send_MsgBg_h@3x.png"; sourceTree = "<group>"; };
		8436C0E81E38AF5800E53F50 /* send_MsgBg_Plain_h@2x.png */ = {isa = PBXFileReference; lastKnownFileType = image.png; path = "send_MsgBg_Plain_h@2x.png"; sourceTree = "<group>"; };
		8436C0E91E38AF5800E53F50 /* send_MsgBg_Plain_h@3x.png */ = {isa = PBXFileReference; lastKnownFileType = image.png; path = "send_MsgBg_Plain_h@3x.png"; sourceTree = "<group>"; };
		8436C0EA1E38AF5800E53F50 /* send_MsgBg_Plain_n@2x.png */ = {isa = PBXFileReference; lastKnownFileType = image.png; path = "send_MsgBg_Plain_n@2x.png"; sourceTree = "<group>"; };
		8436C0EB1E38AF5800E53F50 /* send_MsgBg_Plain_n@3x.png */ = {isa = PBXFileReference; lastKnownFileType = image.png; path = "send_MsgBg_Plain_n@3x.png"; sourceTree = "<group>"; };
		8436C0EC1E38AF5800E53F50 /* send_MsgBg_S_Play@2x.png */ = {isa = PBXFileReference; lastKnownFileType = image.png; path = "send_MsgBg_S_Play@2x.png"; sourceTree = "<group>"; };
		8436C0ED1E38AF5800E53F50 /* send_MsgBg_S_Play@3x.png */ = {isa = PBXFileReference; lastKnownFileType = image.png; path = "send_MsgBg_S_Play@3x.png"; sourceTree = "<group>"; };
		8436C0EE1E38AF5800E53F50 /* send_MsgBg_S@2x.png */ = {isa = PBXFileReference; lastKnownFileType = image.png; path = "send_MsgBg_S@2x.png"; sourceTree = "<group>"; };
		8436C0EF1E38AF5800E53F50 /* send_MsgBg_S@3x.png */ = {isa = PBXFileReference; lastKnownFileType = image.png; path = "send_MsgBg_S@3x.png"; sourceTree = "<group>"; };
		8436C0F01E38AF5800E53F50 /* send_MsgBg@2x.png */ = {isa = PBXFileReference; lastKnownFileType = image.png; path = "send_MsgBg@2x.png"; sourceTree = "<group>"; };
		8436C0F11E38AF5800E53F50 /* send_MsgBg@3x.png */ = {isa = PBXFileReference; lastKnownFileType = image.png; path = "send_MsgBg@3x.png"; sourceTree = "<group>"; };
		8436C0FE1E38AF8300E53F50 /* receive_MsgBg_h@2x.png */ = {isa = PBXFileReference; lastKnownFileType = image.png; path = "receive_MsgBg_h@2x.png"; sourceTree = "<group>"; };
		8436C0FF1E38AF8300E53F50 /* receive_MsgBg_h@3x.png */ = {isa = PBXFileReference; lastKnownFileType = image.png; path = "receive_MsgBg_h@3x.png"; sourceTree = "<group>"; };
		8436C1001E38AF8300E53F50 /* receive_MsgBg@2x.png */ = {isa = PBXFileReference; lastKnownFileType = image.png; path = "receive_MsgBg@2x.png"; sourceTree = "<group>"; };
		8436C1011E38AF8300E53F50 /* receive_MsgBg@3x.png */ = {isa = PBXFileReference; lastKnownFileType = image.png; path = "receive_MsgBg@3x.png"; sourceTree = "<group>"; };
		8436C1021E38AF8300E53F50 /* receive_MsgBgplay@2x.png */ = {isa = PBXFileReference; lastKnownFileType = image.png; path = "receive_MsgBgplay@2x.png"; sourceTree = "<group>"; };
		8436C1031E38AF8300E53F50 /* receive_MsgBgplay@3x.png */ = {isa = PBXFileReference; lastKnownFileType = image.png; path = "receive_MsgBgplay@3x.png"; sourceTree = "<group>"; };
		8436C10A1E38B1A700E53F50 /* beiliao@2x.png */ = {isa = PBXFileReference; lastKnownFileType = image.png; path = "beiliao@2x.png"; sourceTree = "<group>"; };
		8451339E1E36399000E57E09 /* BLMessageData.h */ = {isa = PBXFileReference; fileEncoding = 4; lastKnownFileType = sourcecode.c.h; path = BLMessageData.h; sourceTree = "<group>"; };
		845133A51E363A1C00E57E09 /* BLMessage.h */ = {isa = PBXFileReference; fileEncoding = 4; lastKnownFileType = sourcecode.c.h; path = BLMessage.h; sourceTree = "<group>"; };
		845133A61E363A1C00E57E09 /* BLMessage.m */ = {isa = PBXFileReference; fileEncoding = 4; lastKnownFileType = sourcecode.c.objc; path = BLMessage.m; sourceTree = "<group>"; };
		848D1B081E3603A10081414E /* BLChat-prefix.pch */ = {isa = PBXFileReference; lastKnownFileType = sourcecode.c.h; path = "BLChat-prefix.pch"; sourceTree = "<group>"; };
		BB7AD314456607B3B54830D2 /* Pods-BLChat.release.xcconfig */ = {isa = PBXFileReference; includeInIndex = 1; lastKnownFileType = text.xcconfig; name = "Pods-BLChat.release.xcconfig"; path = "Pods/Target Support Files/Pods-BLChat/Pods-BLChat.release.xcconfig"; sourceTree = "<group>"; };
		F7546F771E2E2DA2003E38DE /* BLChat.app */ = {isa = PBXFileReference; explicitFileType = wrapper.application; includeInIndex = 0; path = BLChat.app; sourceTree = BUILT_PRODUCTS_DIR; };
		F7546F7B1E2E2DA2003E38DE /* main.m */ = {isa = PBXFileReference; lastKnownFileType = sourcecode.c.objc; path = main.m; sourceTree = "<group>"; };
		F7546F7D1E2E2DA2003E38DE /* AppDelegate.h */ = {isa = PBXFileReference; lastKnownFileType = sourcecode.c.h; path = AppDelegate.h; sourceTree = "<group>"; };
		F7546F7E1E2E2DA2003E38DE /* AppDelegate.m */ = {isa = PBXFileReference; lastKnownFileType = sourcecode.c.objc; path = AppDelegate.m; sourceTree = "<group>"; };
		F7546F801E2E2DA2003E38DE /* ViewController.h */ = {isa = PBXFileReference; lastKnownFileType = sourcecode.c.h; path = ViewController.h; sourceTree = "<group>"; };
		F7546F811E2E2DA2003E38DE /* ViewController.m */ = {isa = PBXFileReference; lastKnownFileType = sourcecode.c.objc; path = ViewController.m; sourceTree = "<group>"; };
		F7546F841E2E2DA2003E38DE /* Base */ = {isa = PBXFileReference; lastKnownFileType = file.storyboard; name = Base; path = Base.lproj/Main.storyboard; sourceTree = "<group>"; };
		F7546F861E2E2DA2003E38DE /* Assets.xcassets */ = {isa = PBXFileReference; lastKnownFileType = folder.assetcatalog; path = Assets.xcassets; sourceTree = "<group>"; };
		F7546F891E2E2DA2003E38DE /* Base */ = {isa = PBXFileReference; lastKnownFileType = file.storyboard; name = Base; path = Base.lproj/LaunchScreen.storyboard; sourceTree = "<group>"; };
		F7546F8B1E2E2DA2003E38DE /* Info.plist */ = {isa = PBXFileReference; lastKnownFileType = text.plist.xml; path = Info.plist; sourceTree = "<group>"; };
		F7546F901E2E2DA2003E38DE /* BLChatTests.xctest */ = {isa = PBXFileReference; explicitFileType = wrapper.cfbundle; includeInIndex = 0; path = BLChatTests.xctest; sourceTree = BUILT_PRODUCTS_DIR; };
		F7546F941E2E2DA2003E38DE /* BLChatTests.m */ = {isa = PBXFileReference; lastKnownFileType = sourcecode.c.objc; path = BLChatTests.m; sourceTree = "<group>"; };
		F7546F961E2E2DA2003E38DE /* Info.plist */ = {isa = PBXFileReference; lastKnownFileType = text.plist.xml; path = Info.plist; sourceTree = "<group>"; };
		F7546F9B1E2E2DA2003E38DE /* BLChatUITests.xctest */ = {isa = PBXFileReference; explicitFileType = wrapper.cfbundle; includeInIndex = 0; path = BLChatUITests.xctest; sourceTree = BUILT_PRODUCTS_DIR; };
		F7546F9F1E2E2DA2003E38DE /* BLChatUITests.m */ = {isa = PBXFileReference; lastKnownFileType = sourcecode.c.objc; path = BLChatUITests.m; sourceTree = "<group>"; };
		F7546FA11E2E2DA2003E38DE /* Info.plist */ = {isa = PBXFileReference; lastKnownFileType = text.plist.xml; path = Info.plist; sourceTree = "<group>"; };
		F76776321E37623B006F36C3 /* BLMessagesViewController.h */ = {isa = PBXFileReference; fileEncoding = 4; lastKnownFileType = sourcecode.c.h; path = BLMessagesViewController.h; sourceTree = "<group>"; };
		F76776331E37623B006F36C3 /* BLMessagesViewController.m */ = {isa = PBXFileReference; fileEncoding = 4; lastKnownFileType = sourcecode.c.objc; path = BLMessagesViewController.m; sourceTree = "<group>"; };
		F7872BF41E373CCC0089C176 /* Message_List_Voice_H@2x.png */ = {isa = PBXFileReference; lastKnownFileType = image.png; path = "Message_List_Voice_H@2x.png"; sourceTree = "<group>"; };
		F7872BF51E373CCC0089C176 /* Message_List_Voice_H@3x.png */ = {isa = PBXFileReference; lastKnownFileType = image.png; path = "Message_List_Voice_H@3x.png"; sourceTree = "<group>"; };
		F7872BF61E373CCC0089C176 /* Message_List_Voice_N@2x.png */ = {isa = PBXFileReference; lastKnownFileType = image.png; path = "Message_List_Voice_N@2x.png"; sourceTree = "<group>"; };
		F7872BF71E373CCC0089C176 /* Message_List_Voice_N@3x.png */ = {isa = PBXFileReference; lastKnownFileType = image.png; path = "Message_List_Voice_N@3x.png"; sourceTree = "<group>"; };
		F7872BFC1E373CD60089C176 /* Message_List_Recent_H@2x.png */ = {isa = PBXFileReference; lastKnownFileType = image.png; path = "Message_List_Recent_H@2x.png"; sourceTree = "<group>"; };
		F7872BFD1E373CD60089C176 /* Message_List_Recent_H@3x.png */ = {isa = PBXFileReference; lastKnownFileType = image.png; path = "Message_List_Recent_H@3x.png"; sourceTree = "<group>"; };
		F7872BFE1E373CD60089C176 /* Message_List_Recent_N@2x.png */ = {isa = PBXFileReference; lastKnownFileType = image.png; path = "Message_List_Recent_N@2x.png"; sourceTree = "<group>"; };
		F7872BFF1E373CD60089C176 /* Message_List_Recent_N@3x.png */ = {isa = PBXFileReference; lastKnownFileType = image.png; path = "Message_List_Recent_N@3x.png"; sourceTree = "<group>"; };
		F7872C041E373CE00089C176 /* Message_List_Keyboard_H@2x.png */ = {isa = PBXFileReference; lastKnownFileType = image.png; path = "Message_List_Keyboard_H@2x.png"; sourceTree = "<group>"; };
		F7872C051E373CE00089C176 /* Message_List_Keyboard_H@3x.png */ = {isa = PBXFileReference; lastKnownFileType = image.png; path = "Message_List_Keyboard_H@3x.png"; sourceTree = "<group>"; };
		F7872C061E373CE00089C176 /* Message_List_Keyboard_N@2x.png */ = {isa = PBXFileReference; lastKnownFileType = image.png; path = "Message_List_Keyboard_N@2x.png"; sourceTree = "<group>"; };
		F7872C071E373CE00089C176 /* Message_List_Keyboard_N@3x.png */ = {isa = PBXFileReference; lastKnownFileType = image.png; path = "Message_List_Keyboard_N@3x.png"; sourceTree = "<group>"; };
		F7872C081E373CE00089C176 /* Message_List_More_H@2x.png */ = {isa = PBXFileReference; lastKnownFileType = image.png; path = "Message_List_More_H@2x.png"; sourceTree = "<group>"; };
		F7872C091E373CE00089C176 /* Message_List_More_H@3x.png */ = {isa = PBXFileReference; lastKnownFileType = image.png; path = "Message_List_More_H@3x.png"; sourceTree = "<group>"; };
		F7872C0A1E373CE00089C176 /* Message_List_More_N@2x.png */ = {isa = PBXFileReference; lastKnownFileType = image.png; path = "Message_List_More_N@2x.png"; sourceTree = "<group>"; };
		F7872C0B1E373CE00089C176 /* Message_List_More_N@3x.png */ = {isa = PBXFileReference; lastKnownFileType = image.png; path = "Message_List_More_N@3x.png"; sourceTree = "<group>"; };
		F7872C0C1E373CE00089C176 /* Message_List_MoreC_H@2x.png */ = {isa = PBXFileReference; lastKnownFileType = image.png; path = "Message_List_MoreC_H@2x.png"; sourceTree = "<group>"; };
		F7872C0D1E373CE00089C176 /* Message_List_MoreC_H@3x.png */ = {isa = PBXFileReference; lastKnownFileType = image.png; path = "Message_List_MoreC_H@3x.png"; sourceTree = "<group>"; };
		F7872C0E1E373CE00089C176 /* Message_List_MoreC_N@2x.png */ = {isa = PBXFileReference; lastKnownFileType = image.png; path = "Message_List_MoreC_N@2x.png"; sourceTree = "<group>"; };
		F7872C0F1E373CE00089C176 /* Message_List_MoreC_N@3x.png */ = {isa = PBXFileReference; lastKnownFileType = image.png; path = "Message_List_MoreC_N@3x.png"; sourceTree = "<group>"; };
		F7872C1C1E37413C0089C176 /* Message_List_Emoji_H@2x.png */ = {isa = PBXFileReference; lastKnownFileType = image.png; path = "Message_List_Emoji_H@2x.png"; sourceTree = "<group>"; };
		F7872C1D1E37413C0089C176 /* Message_List_Emoji_H@3x.png */ = {isa = PBXFileReference; lastKnownFileType = image.png; path = "Message_List_Emoji_H@3x.png"; sourceTree = "<group>"; };
		F7872C1E1E37413C0089C176 /* Message_List_Emoji_N@2x.png */ = {isa = PBXFileReference; lastKnownFileType = image.png; path = "Message_List_Emoji_N@2x.png"; sourceTree = "<group>"; };
		F7872C1F1E37413C0089C176 /* Message_List_Emoji_N@3x.png */ = {isa = PBXFileReference; lastKnownFileType = image.png; path = "Message_List_Emoji_N@3x.png"; sourceTree = "<group>"; };
		F7A741C71E36F3A5004AF3DB /* FaceBoard.h */ = {isa = PBXFileReference; fileEncoding = 4; lastKnownFileType = sourcecode.c.h; path = FaceBoard.h; sourceTree = "<group>"; };
		F7A741C81E36F3A5004AF3DB /* FaceBoard.m */ = {isa = PBXFileReference; fileEncoding = 4; lastKnownFileType = sourcecode.c.objc; path = FaceBoard.m; sourceTree = "<group>"; };
		F7A741C91E36F3A5004AF3DB /* FaceButton.h */ = {isa = PBXFileReference; fileEncoding = 4; lastKnownFileType = sourcecode.c.h; path = FaceButton.h; sourceTree = "<group>"; };
		F7A741CA1E36F3A5004AF3DB /* FaceButton.m */ = {isa = PBXFileReference; fileEncoding = 4; lastKnownFileType = sourcecode.c.objc; path = FaceButton.m; sourceTree = "<group>"; };
		F7A741CB1E36F3A5004AF3DB /* GrayPageControl.h */ = {isa = PBXFileReference; fileEncoding = 4; lastKnownFileType = sourcecode.c.h; path = GrayPageControl.h; sourceTree = "<group>"; };
		F7A741CC1E36F3A5004AF3DB /* GrayPageControl.m */ = {isa = PBXFileReference; fileEncoding = 4; lastKnownFileType = sourcecode.c.objc; path = GrayPageControl.m; sourceTree = "<group>"; };
		F7A741CD1E36F3A5004AF3DB /* Lulu.plist */ = {isa = PBXFileReference; fileEncoding = 4; lastKnownFileType = text.plist.xml; path = Lulu.plist; sourceTree = "<group>"; };
		F7A741CF1E36F3A5004AF3DB /* 001@2x.png */ = {isa = PBXFileReference; lastKnownFileType = image.png; path = "001@2x.png"; sourceTree = "<group>"; };
		F7A741D01E36F3A5004AF3DB /* 002@2x.png */ = {isa = PBXFileReference; lastKnownFileType = image.png; path = "002@2x.png"; sourceTree = "<group>"; };
		F7A741D11E36F3A5004AF3DB /* 003@2x.png */ = {isa = PBXFileReference; lastKnownFileType = image.png; path = "003@2x.png"; sourceTree = "<group>"; };
		F7A741D21E36F3A5004AF3DB /* 004@2x.png */ = {isa = PBXFileReference; lastKnownFileType = image.png; path = "004@2x.png"; sourceTree = "<group>"; };
		F7A741D31E36F3A5004AF3DB /* 005@2x.png */ = {isa = PBXFileReference; lastKnownFileType = image.png; path = "005@2x.png"; sourceTree = "<group>"; };
		F7A741D41E36F3A5004AF3DB /* 006@2x.png */ = {isa = PBXFileReference; lastKnownFileType = image.png; path = "006@2x.png"; sourceTree = "<group>"; };
		F7A741D51E36F3A5004AF3DB /* 007@2x.png */ = {isa = PBXFileReference; lastKnownFileType = image.png; path = "007@2x.png"; sourceTree = "<group>"; };
		F7A741D61E36F3A5004AF3DB /* 008@2x.png */ = {isa = PBXFileReference; lastKnownFileType = image.png; path = "008@2x.png"; sourceTree = "<group>"; };
		F7A741D71E36F3A5004AF3DB /* 009@2x.png */ = {isa = PBXFileReference; lastKnownFileType = image.png; path = "009@2x.png"; sourceTree = "<group>"; };
		F7A741D81E36F3A5004AF3DB /* 010@2x.png */ = {isa = PBXFileReference; lastKnownFileType = image.png; path = "010@2x.png"; sourceTree = "<group>"; };
		F7A741D91E36F3A5004AF3DB /* 011@2x.png */ = {isa = PBXFileReference; lastKnownFileType = image.png; path = "011@2x.png"; sourceTree = "<group>"; };
		F7A741DA1E36F3A5004AF3DB /* 012@2x.png */ = {isa = PBXFileReference; lastKnownFileType = image.png; path = "012@2x.png"; sourceTree = "<group>"; };
		F7A741DB1E36F3A5004AF3DB /* 013@2x.png */ = {isa = PBXFileReference; lastKnownFileType = image.png; path = "013@2x.png"; sourceTree = "<group>"; };
		F7A741DC1E36F3A5004AF3DB /* 014@2x.png */ = {isa = PBXFileReference; lastKnownFileType = image.png; path = "014@2x.png"; sourceTree = "<group>"; };
		F7A741DD1E36F3A5004AF3DB /* 015@2x.png */ = {isa = PBXFileReference; lastKnownFileType = image.png; path = "015@2x.png"; sourceTree = "<group>"; };
		F7A741DE1E36F3A5004AF3DB /* 016@2x.png */ = {isa = PBXFileReference; lastKnownFileType = image.png; path = "016@2x.png"; sourceTree = "<group>"; };
		F7A741DF1E36F3A5004AF3DB /* 017@2x.png */ = {isa = PBXFileReference; lastKnownFileType = image.png; path = "017@2x.png"; sourceTree = "<group>"; };
		F7A741E01E36F3A5004AF3DB /* 018@2x.png */ = {isa = PBXFileReference; lastKnownFileType = image.png; path = "018@2x.png"; sourceTree = "<group>"; };
		F7A741E11E36F3A5004AF3DB /* 019@2x.png */ = {isa = PBXFileReference; lastKnownFileType = image.png; path = "019@2x.png"; sourceTree = "<group>"; };
		F7A741E21E36F3A5004AF3DB /* 020@2x.png */ = {isa = PBXFileReference; lastKnownFileType = image.png; path = "020@2x.png"; sourceTree = "<group>"; };
		F7A741E31E36F3A5004AF3DB /* 021@2x.png */ = {isa = PBXFileReference; lastKnownFileType = image.png; path = "021@2x.png"; sourceTree = "<group>"; };
		F7A741E41E36F3A5004AF3DB /* 022@2x.png */ = {isa = PBXFileReference; lastKnownFileType = image.png; path = "022@2x.png"; sourceTree = "<group>"; };
		F7A741E51E36F3A5004AF3DB /* 023@2x.png */ = {isa = PBXFileReference; lastKnownFileType = image.png; path = "023@2x.png"; sourceTree = "<group>"; };
		F7A741E61E36F3A5004AF3DB /* 024@2x.png */ = {isa = PBXFileReference; lastKnownFileType = image.png; path = "024@2x.png"; sourceTree = "<group>"; };
		F7A741E71E36F3A5004AF3DB /* 025@2x.png */ = {isa = PBXFileReference; lastKnownFileType = image.png; path = "025@2x.png"; sourceTree = "<group>"; };
		F7A741E81E36F3A5004AF3DB /* 026@2x.png */ = {isa = PBXFileReference; lastKnownFileType = image.png; path = "026@2x.png"; sourceTree = "<group>"; };
		F7A741E91E36F3A5004AF3DB /* 027@2x.png */ = {isa = PBXFileReference; lastKnownFileType = image.png; path = "027@2x.png"; sourceTree = "<group>"; };
		F7A741EA1E36F3A5004AF3DB /* 028@2x.png */ = {isa = PBXFileReference; lastKnownFileType = image.png; path = "028@2x.png"; sourceTree = "<group>"; };
		F7A741EB1E36F3A5004AF3DB /* 029@2x.png */ = {isa = PBXFileReference; lastKnownFileType = image.png; path = "029@2x.png"; sourceTree = "<group>"; };
		F7A741EC1E36F3A5004AF3DB /* 030@2x.png */ = {isa = PBXFileReference; lastKnownFileType = image.png; path = "030@2x.png"; sourceTree = "<group>"; };
		F7A741ED1E36F3A5004AF3DB /* 031@2x.png */ = {isa = PBXFileReference; lastKnownFileType = image.png; path = "031@2x.png"; sourceTree = "<group>"; };
		F7A741EE1E36F3A5004AF3DB /* 032@2x.png */ = {isa = PBXFileReference; lastKnownFileType = image.png; path = "032@2x.png"; sourceTree = "<group>"; };
		F7A741EF1E36F3A5004AF3DB /* 033@2x.png */ = {isa = PBXFileReference; lastKnownFileType = image.png; path = "033@2x.png"; sourceTree = "<group>"; };
		F7A741F01E36F3A5004AF3DB /* 034@2x.png */ = {isa = PBXFileReference; lastKnownFileType = image.png; path = "034@2x.png"; sourceTree = "<group>"; };
		F7A741F11E36F3A5004AF3DB /* 035@2x.png */ = {isa = PBXFileReference; lastKnownFileType = image.png; path = "035@2x.png"; sourceTree = "<group>"; };
		F7A741F21E36F3A5004AF3DB /* 036@2x.png */ = {isa = PBXFileReference; lastKnownFileType = image.png; path = "036@2x.png"; sourceTree = "<group>"; };
		F7A741F31E36F3A5004AF3DB /* 037@2x.png */ = {isa = PBXFileReference; lastKnownFileType = image.png; path = "037@2x.png"; sourceTree = "<group>"; };
		F7A741F41E36F3A5004AF3DB /* 038@2x.png */ = {isa = PBXFileReference; lastKnownFileType = image.png; path = "038@2x.png"; sourceTree = "<group>"; };
		F7A741F51E36F3A5004AF3DB /* 039@2x.png */ = {isa = PBXFileReference; lastKnownFileType = image.png; path = "039@2x.png"; sourceTree = "<group>"; };
		F7A741F61E36F3A5004AF3DB /* 040@2x.png */ = {isa = PBXFileReference; lastKnownFileType = image.png; path = "040@2x.png"; sourceTree = "<group>"; };
		F7A741F71E36F3A5004AF3DB /* 041@2x.png */ = {isa = PBXFileReference; lastKnownFileType = image.png; path = "041@2x.png"; sourceTree = "<group>"; };
		F7A741F81E36F3A5004AF3DB /* 042@2x.png */ = {isa = PBXFileReference; lastKnownFileType = image.png; path = "042@2x.png"; sourceTree = "<group>"; };
		F7A741F91E36F3A5004AF3DB /* 043@2x.png */ = {isa = PBXFileReference; lastKnownFileType = image.png; path = "043@2x.png"; sourceTree = "<group>"; };
		F7A741FA1E36F3A5004AF3DB /* 044@2x.png */ = {isa = PBXFileReference; lastKnownFileType = image.png; path = "044@2x.png"; sourceTree = "<group>"; };
		F7A741FB1E36F3A5004AF3DB /* 045@2x.png */ = {isa = PBXFileReference; lastKnownFileType = image.png; path = "045@2x.png"; sourceTree = "<group>"; };
		F7A741FC1E36F3A5004AF3DB /* 046@2x.png */ = {isa = PBXFileReference; lastKnownFileType = image.png; path = "046@2x.png"; sourceTree = "<group>"; };
		F7A741FD1E36F3A5004AF3DB /* 047@2x.png */ = {isa = PBXFileReference; lastKnownFileType = image.png; path = "047@2x.png"; sourceTree = "<group>"; };
		F7A741FE1E36F3A5004AF3DB /* 048@2x.png */ = {isa = PBXFileReference; lastKnownFileType = image.png; path = "048@2x.png"; sourceTree = "<group>"; };
		F7A741FF1E36F3A5004AF3DB /* 049@2x.png */ = {isa = PBXFileReference; lastKnownFileType = image.png; path = "049@2x.png"; sourceTree = "<group>"; };
		F7A742001E36F3A5004AF3DB /* 050@2x.png */ = {isa = PBXFileReference; lastKnownFileType = image.png; path = "050@2x.png"; sourceTree = "<group>"; };
		F7A742011E36F3A5004AF3DB /* 051@2x.png */ = {isa = PBXFileReference; lastKnownFileType = image.png; path = "051@2x.png"; sourceTree = "<group>"; };
		F7A742021E36F3A5004AF3DB /* 052@2x.png */ = {isa = PBXFileReference; lastKnownFileType = image.png; path = "052@2x.png"; sourceTree = "<group>"; };
		F7A742031E36F3A5004AF3DB /* 053@2x.png */ = {isa = PBXFileReference; lastKnownFileType = image.png; path = "053@2x.png"; sourceTree = "<group>"; };
		F7A742041E36F3A5004AF3DB /* 054@2x.png */ = {isa = PBXFileReference; lastKnownFileType = image.png; path = "054@2x.png"; sourceTree = "<group>"; };
		F7A742051E36F3A5004AF3DB /* 055@2x.png */ = {isa = PBXFileReference; lastKnownFileType = image.png; path = "055@2x.png"; sourceTree = "<group>"; };
		F7A742061E36F3A5004AF3DB /* 056@2x.png */ = {isa = PBXFileReference; lastKnownFileType = image.png; path = "056@2x.png"; sourceTree = "<group>"; };
		F7A742071E36F3A5004AF3DB /* 057@2x.png */ = {isa = PBXFileReference; lastKnownFileType = image.png; path = "057@2x.png"; sourceTree = "<group>"; };
		F7A742081E36F3A5004AF3DB /* 058@2x.png */ = {isa = PBXFileReference; lastKnownFileType = image.png; path = "058@2x.png"; sourceTree = "<group>"; };
		F7A742091E36F3A5004AF3DB /* 059@2x.png */ = {isa = PBXFileReference; lastKnownFileType = image.png; path = "059@2x.png"; sourceTree = "<group>"; };
		F7A7420A1E36F3A5004AF3DB /* 060@2x.png */ = {isa = PBXFileReference; lastKnownFileType = image.png; path = "060@2x.png"; sourceTree = "<group>"; };
		F7A7420B1E36F3A5004AF3DB /* 099@2x.png */ = {isa = PBXFileReference; lastKnownFileType = image.png; path = "099@2x.png"; sourceTree = "<group>"; };
		F7A7420D1E36F3A5004AF3DB /* active_page_image@2x.png */ = {isa = PBXFileReference; lastKnownFileType = image.png; path = "active_page_image@2x.png"; sourceTree = "<group>"; };
		F7A7420E1E36F3A5004AF3DB /* backFace@2x.png */ = {isa = PBXFileReference; lastKnownFileType = image.png; path = "backFace@2x.png"; sourceTree = "<group>"; };
		F7A7420F1E36F3A5004AF3DB /* backFaceSelect@2x.png */ = {isa = PBXFileReference; lastKnownFileType = image.png; path = "backFaceSelect@2x.png"; sourceTree = "<group>"; };
		F7A742101E36F3A5004AF3DB /* inactive_page_image@2x.png */ = {isa = PBXFileReference; lastKnownFileType = image.png; path = "inactive_page_image@2x.png"; sourceTree = "<group>"; };
		F7A742571E372D4A004AF3DB /* BLMessageInputToolBarViewController.h */ = {isa = PBXFileReference; fileEncoding = 4; lastKnownFileType = sourcecode.c.h; path = BLMessageInputToolBarViewController.h; sourceTree = "<group>"; };
		F7A742581E372D4A004AF3DB /* BLMessageInputToolBarViewController.m */ = {isa = PBXFileReference; fileEncoding = 4; lastKnownFileType = sourcecode.c.objc; path = BLMessageInputToolBarViewController.m; sourceTree = "<group>"; };
		F7A7425B1E373519004AF3DB /* BLMessageInputToolBarNode.h */ = {isa = PBXFileReference; fileEncoding = 4; lastKnownFileType = sourcecode.c.h; path = BLMessageInputToolBarNode.h; sourceTree = "<group>"; };
		F7A7425C1E373519004AF3DB /* BLMessageInputToolBarNode.m */ = {isa = PBXFileReference; fileEncoding = 4; lastKnownFileType = sourcecode.c.objc; path = BLMessageInputToolBarNode.m; sourceTree = "<group>"; };
		F7AC8E531E48883C004E681C /* BLFaceBoardNode.h */ = {isa = PBXFileReference; fileEncoding = 4; lastKnownFileType = sourcecode.c.h; path = BLFaceBoardNode.h; sourceTree = "<group>"; };
		F7AC8E541E48883C004E681C /* BLFaceBoardNode.m */ = {isa = PBXFileReference; fileEncoding = 4; lastKnownFileType = sourcecode.c.objc; path = BLFaceBoardNode.m; sourceTree = "<group>"; };
/* End PBXFileReference section */

/* Begin PBXFrameworksBuildPhase section */
		F7546F741E2E2DA2003E38DE /* Frameworks */ = {
			isa = PBXFrameworksBuildPhase;
			buildActionMask = 2147483647;
			files = (
				546F8D279040FD8280FE25B5 /* libPods-BLChat.a in Frameworks */,
			);
			runOnlyForDeploymentPostprocessing = 0;
		};
		F7546F8D1E2E2DA2003E38DE /* Frameworks */ = {
			isa = PBXFrameworksBuildPhase;
			buildActionMask = 2147483647;
			files = (
			);
			runOnlyForDeploymentPostprocessing = 0;
		};
		F7546F981E2E2DA2003E38DE /* Frameworks */ = {
			isa = PBXFrameworksBuildPhase;
			buildActionMask = 2147483647;
			files = (
			);
			runOnlyForDeploymentPostprocessing = 0;
		};
/* End PBXFrameworksBuildPhase section */

/* Begin PBXGroup section */
		842258651E481B51007407CA /* Dependency */ = {
			isa = PBXGroup;
			children = (
				842258661E481B51007407CA /* BLDateFormatter.h */,
				842258671E481B51007407CA /* BLDateFormatter.m */,
			);
			path = Dependency;
			sourceTree = "<group>";
		};
		846778CD1E2F0DB500648298 /* Model */ = {
			isa = PBXGroup;
			children = (
				8451339E1E36399000E57E09 /* BLMessageData.h */,
				845133A51E363A1C00E57E09 /* BLMessage.h */,
				845133A61E363A1C00E57E09 /* BLMessage.m */,
				828C9DCAF1AC81CAC8845B1E /* BLMessagesConstant.m */,
				828C9F3E5C2FFE665C53C921 /* BLMessagesConstant.h */,
				828C9B496C335C9869A05322 /* BLTextMessage.m */,
				828C94D0C059B9DEB17731DB /* BLTextMessage.h */,
			);
			path = Model;
			sourceTree = "<group>";
		};
		848D1B0C1E360C200081414E /* Controller */ = {
			isa = PBXGroup;
			children = (
				F7A742561E372D21004AF3DB /* BLMessageInputToolBarViewController */,
				F76776321E37623B006F36C3 /* BLMessagesViewController.h */,
				F76776331E37623B006F36C3 /* BLMessagesViewController.m */,
				828C96D7F734C1975B3C0BAE /* BLMessagesViewControllerDataSource.h */,
				828C9B2E1AD0E99A0276E629 /* BLMessagesViewControllerDataSource.m */,
			);
			path = Controller;
			sourceTree = "<group>";
		};
		848D1B111E360C200081414E /* View */ = {
			isa = PBXGroup;
			children = (
				F7A7425A1E373076004AF3DB /* BLMessageInputToolbar */,
				828C96E0AAF5463D53A77854 /* BLMessagesCollectionNode.h */,
				828C9855607890602D035871 /* BLMessagesCollectionNode.m */,
				828C92FF7298967813209D2D /* BLMessagesCollectionNodeCell.m */,
				828C980F6FCD6AC2B6A9464C /* BLMessagesCollectionNodeCell.h */,
				828C9DA98F6DB4FA04119CC7 /* BLMessagesTimeSeparatorNode.m */,
				828C9885F14CE3BC26FABD2B /* BLMessagesTimeSeparatorNode.h */,
				828C911D6739F4A6672B98AA /* BLMessagesContentNode.m */,
				828C95E3CC62C3787DF6D683 /* BLMessagesContentNode.h */,
				828C9F19540C264C006B83F1 /* BLMessagesTextContentNode.m */,
				828C96D6A88762E274157D06 /* BLMessagesTextContentNode.h */,
				828C934AFB74E0354A0CB249 /* BLMessagesPhotoContentNode.m */,
				828C92FB6C1174FBBA812336 /* BLMessagesPhotoContentNode.h */,
				8422588F1E485C63007407CA /* BLMessagesAudioContentNode.h */,
				842258901E485C63007407CA /* BLMessagesAudioContentNode.m */,
			);
			path = View;
			sourceTree = "<group>";
		};
		E76FAD009D996C587FCE2D3A /* Pods */ = {
			isa = PBXGroup;
			children = (
				03DF93984C9E9A3DDCC27876 /* Pods-BLChat.debug.xcconfig */,
				BB7AD314456607B3B54830D2 /* Pods-BLChat.release.xcconfig */,
			);
			name = Pods;
			sourceTree = "<group>";
		};
		F43B40286859D2A840CA3530 /* Frameworks */ = {
			isa = PBXGroup;
			children = (
				52091AA63C3541606F711640 /* libPods-BLChat.a */,
			);
			name = Frameworks;
			sourceTree = "<group>";
		};
		F7546F6E1E2E2DA2003E38DE = {
			isa = PBXGroup;
			children = (
				848D1B081E3603A10081414E /* BLChat-prefix.pch */,
				F7546F791E2E2DA2003E38DE /* BLChat */,
				F7546F931E2E2DA2003E38DE /* BLChatTests */,
				F7546F9E1E2E2DA2003E38DE /* BLChatUITests */,
				F7546F781E2E2DA2003E38DE /* Products */,
				F43B40286859D2A840CA3530 /* Frameworks */,
				E76FAD009D996C587FCE2D3A /* Pods */,
			);
			sourceTree = "<group>";
		};
		F7546F781E2E2DA2003E38DE /* Products */ = {
			isa = PBXGroup;
			children = (
				F7546F771E2E2DA2003E38DE /* BLChat.app */,
				F7546F901E2E2DA2003E38DE /* BLChatTests.xctest */,
				F7546F9B1E2E2DA2003E38DE /* BLChatUITests.xctest */,
			);
			name = Products;
			sourceTree = "<group>";
		};
		F7546F791E2E2DA2003E38DE /* BLChat */ = {
			isa = PBXGroup;
			children = (
				842258651E481B51007407CA /* Dependency */,
				F7872BF21E373CB60089C176 /* Factory */,
				F7872BF31E373CB60089C176 /* Resource */,
				F7A741C51E36F3A5004AF3DB /* FaceBoard */,
				848D1B0C1E360C200081414E /* Controller */,
				848D1B111E360C200081414E /* View */,
				846778CD1E2F0DB500648298 /* Model */,
				F7546F7D1E2E2DA2003E38DE /* AppDelegate.h */,
				F7546F7E1E2E2DA2003E38DE /* AppDelegate.m */,
				F7546F801E2E2DA2003E38DE /* ViewController.h */,
				F7546F811E2E2DA2003E38DE /* ViewController.m */,
				F7546F831E2E2DA2003E38DE /* Main.storyboard */,
				F7546F861E2E2DA2003E38DE /* Assets.xcassets */,
				F7546F881E2E2DA2003E38DE /* LaunchScreen.storyboard */,
				F7546F8B1E2E2DA2003E38DE /* Info.plist */,
				F7546F7A1E2E2DA2003E38DE /* Supporting Files */,
			);
			path = BLChat;
			sourceTree = "<group>";
		};
		F7546F7A1E2E2DA2003E38DE /* Supporting Files */ = {
			isa = PBXGroup;
			children = (
				F7546F7B1E2E2DA2003E38DE /* main.m */,
			);
			name = "Supporting Files";
			sourceTree = "<group>";
		};
		F7546F931E2E2DA2003E38DE /* BLChatTests */ = {
			isa = PBXGroup;
			children = (
				F7546F941E2E2DA2003E38DE /* BLChatTests.m */,
				F7546F961E2E2DA2003E38DE /* Info.plist */,
			);
			path = BLChatTests;
			sourceTree = "<group>";
		};
		F7546F9E1E2E2DA2003E38DE /* BLChatUITests */ = {
			isa = PBXGroup;
			children = (
				F7546F9F1E2E2DA2003E38DE /* BLChatUITests.m */,
				F7546FA11E2E2DA2003E38DE /* Info.plist */,
			);
			path = BLChatUITests;
			sourceTree = "<group>";
		};
		F7872BF21E373CB60089C176 /* Factory */ = {
			isa = PBXGroup;
			children = (
			);
			path = Factory;
			sourceTree = "<group>";
		};
		F7872BF31E373CB60089C176 /* Resource */ = {
			isa = PBXGroup;
			children = (
				842258A21E4866B5007407CA /* audio_n@2x.png */,
				842258A31E4866B5007407CA /* audio_n@3x.png */,
				842258921E48666C007407CA /* audioMic@2x.png */,
				842258931E48666C007407CA /* audioPlay_n@2x.png */,
				842258941E48666C007407CA /* audioPlay_n@3x.png */,
				842258951E48666C007407CA /* VoiceSearchFeedback001@2x.png */,
				842258961E48666C007407CA /* VoiceSearchFeedback002@2x.png */,
				842258971E48666C007407CA /* VoiceSearchFeedback003@2x.png */,
				842258981E48666C007407CA /* VoiceSearchFeedback004@2x.png */,
				842258991E48666C007407CA /* VoiceSearchFeedback005@2x.png */,
				8436C10A1E38B1A700E53F50 /* beiliao@2x.png */,
				8436C0FE1E38AF8300E53F50 /* receive_MsgBg_h@2x.png */,
				8436C0FF1E38AF8300E53F50 /* receive_MsgBg_h@3x.png */,
				8436C1001E38AF8300E53F50 /* receive_MsgBg@2x.png */,
				8436C1011E38AF8300E53F50 /* receive_MsgBg@3x.png */,
				8436C1021E38AF8300E53F50 /* receive_MsgBgplay@2x.png */,
				8436C1031E38AF8300E53F50 /* receive_MsgBgplay@3x.png */,
				8436C0E61E38AF5800E53F50 /* send_MsgBg_h@2x.png */,
				8436C0E71E38AF5800E53F50 /* send_MsgBg_h@3x.png */,
				8436C0E81E38AF5800E53F50 /* send_MsgBg_Plain_h@2x.png */,
				8436C0E91E38AF5800E53F50 /* send_MsgBg_Plain_h@3x.png */,
				8436C0EA1E38AF5800E53F50 /* send_MsgBg_Plain_n@2x.png */,
				8436C0EB1E38AF5800E53F50 /* send_MsgBg_Plain_n@3x.png */,
				8436C0EC1E38AF5800E53F50 /* send_MsgBg_S_Play@2x.png */,
				8436C0ED1E38AF5800E53F50 /* send_MsgBg_S_Play@3x.png */,
				8436C0EE1E38AF5800E53F50 /* send_MsgBg_S@2x.png */,
				8436C0EF1E38AF5800E53F50 /* send_MsgBg_S@3x.png */,
				8436C0F01E38AF5800E53F50 /* send_MsgBg@2x.png */,
				8436C0F11E38AF5800E53F50 /* send_MsgBg@3x.png */,
				F7872C1C1E37413C0089C176 /* Message_List_Emoji_H@2x.png */,
				F7872C1D1E37413C0089C176 /* Message_List_Emoji_H@3x.png */,
				F7872C1E1E37413C0089C176 /* Message_List_Emoji_N@2x.png */,
				F7872C1F1E37413C0089C176 /* Message_List_Emoji_N@3x.png */,
				F7872C041E373CE00089C176 /* Message_List_Keyboard_H@2x.png */,
				F7872C051E373CE00089C176 /* Message_List_Keyboard_H@3x.png */,
				F7872C061E373CE00089C176 /* Message_List_Keyboard_N@2x.png */,
				F7872C071E373CE00089C176 /* Message_List_Keyboard_N@3x.png */,
				F7872C081E373CE00089C176 /* Message_List_More_H@2x.png */,
				F7872C091E373CE00089C176 /* Message_List_More_H@3x.png */,
				F7872C0A1E373CE00089C176 /* Message_List_More_N@2x.png */,
				F7872C0B1E373CE00089C176 /* Message_List_More_N@3x.png */,
				F7872C0C1E373CE00089C176 /* Message_List_MoreC_H@2x.png */,
				F7872C0D1E373CE00089C176 /* Message_List_MoreC_H@3x.png */,
				F7872C0E1E373CE00089C176 /* Message_List_MoreC_N@2x.png */,
				F7872C0F1E373CE00089C176 /* Message_List_MoreC_N@3x.png */,
				F7872BFC1E373CD60089C176 /* Message_List_Recent_H@2x.png */,
				F7872BFD1E373CD60089C176 /* Message_List_Recent_H@3x.png */,
				F7872BFE1E373CD60089C176 /* Message_List_Recent_N@2x.png */,
				F7872BFF1E373CD60089C176 /* Message_List_Recent_N@3x.png */,
				F7872BF41E373CCC0089C176 /* Message_List_Voice_H@2x.png */,
				F7872BF51E373CCC0089C176 /* Message_List_Voice_H@3x.png */,
				F7872BF61E373CCC0089C176 /* Message_List_Voice_N@2x.png */,
				F7872BF71E373CCC0089C176 /* Message_List_Voice_N@3x.png */,
			);
			path = Resource;
			sourceTree = "<group>";
		};
		F7A741C51E36F3A5004AF3DB /* FaceBoard */ = {
			isa = PBXGroup;
			children = (
				F7A741C61E36F3A5004AF3DB /* coretext */,
				F7A741CE1E36F3A5004AF3DB /* face */,
				F7A7420C1E36F3A5004AF3DB /* FaceImages */,
			);
			path = FaceBoard;
			sourceTree = "<group>";
		};
		F7A741C61E36F3A5004AF3DB /* coretext */ = {
			isa = PBXGroup;
			children = (
				F7A741C71E36F3A5004AF3DB /* FaceBoard.h */,
				F7A741C81E36F3A5004AF3DB /* FaceBoard.m */,
				F7A741C91E36F3A5004AF3DB /* FaceButton.h */,
				F7A741CA1E36F3A5004AF3DB /* FaceButton.m */,
				F7A741CB1E36F3A5004AF3DB /* GrayPageControl.h */,
				F7A741CC1E36F3A5004AF3DB /* GrayPageControl.m */,
				F7A741CD1E36F3A5004AF3DB /* Lulu.plist */,
			);
			path = coretext;
			sourceTree = "<group>";
		};
		F7A741CE1E36F3A5004AF3DB /* face */ = {
			isa = PBXGroup;
			children = (
				F7A741CF1E36F3A5004AF3DB /* 001@2x.png */,
				F7A741D01E36F3A5004AF3DB /* 002@2x.png */,
				F7A741D11E36F3A5004AF3DB /* 003@2x.png */,
				F7A741D21E36F3A5004AF3DB /* 004@2x.png */,
				F7A741D31E36F3A5004AF3DB /* 005@2x.png */,
				F7A741D41E36F3A5004AF3DB /* 006@2x.png */,
				F7A741D51E36F3A5004AF3DB /* 007@2x.png */,
				F7A741D61E36F3A5004AF3DB /* 008@2x.png */,
				F7A741D71E36F3A5004AF3DB /* 009@2x.png */,
				F7A741D81E36F3A5004AF3DB /* 010@2x.png */,
				F7A741D91E36F3A5004AF3DB /* 011@2x.png */,
				F7A741DA1E36F3A5004AF3DB /* 012@2x.png */,
				F7A741DB1E36F3A5004AF3DB /* 013@2x.png */,
				F7A741DC1E36F3A5004AF3DB /* 014@2x.png */,
				F7A741DD1E36F3A5004AF3DB /* 015@2x.png */,
				F7A741DE1E36F3A5004AF3DB /* 016@2x.png */,
				F7A741DF1E36F3A5004AF3DB /* 017@2x.png */,
				F7A741E01E36F3A5004AF3DB /* 018@2x.png */,
				F7A741E11E36F3A5004AF3DB /* 019@2x.png */,
				F7A741E21E36F3A5004AF3DB /* 020@2x.png */,
				F7A741E31E36F3A5004AF3DB /* 021@2x.png */,
				F7A741E41E36F3A5004AF3DB /* 022@2x.png */,
				F7A741E51E36F3A5004AF3DB /* 023@2x.png */,
				F7A741E61E36F3A5004AF3DB /* 024@2x.png */,
				F7A741E71E36F3A5004AF3DB /* 025@2x.png */,
				F7A741E81E36F3A5004AF3DB /* 026@2x.png */,
				F7A741E91E36F3A5004AF3DB /* 027@2x.png */,
				F7A741EA1E36F3A5004AF3DB /* 028@2x.png */,
				F7A741EB1E36F3A5004AF3DB /* 029@2x.png */,
				F7A741EC1E36F3A5004AF3DB /* 030@2x.png */,
				F7A741ED1E36F3A5004AF3DB /* 031@2x.png */,
				F7A741EE1E36F3A5004AF3DB /* 032@2x.png */,
				F7A741EF1E36F3A5004AF3DB /* 033@2x.png */,
				F7A741F01E36F3A5004AF3DB /* 034@2x.png */,
				F7A741F11E36F3A5004AF3DB /* 035@2x.png */,
				F7A741F21E36F3A5004AF3DB /* 036@2x.png */,
				F7A741F31E36F3A5004AF3DB /* 037@2x.png */,
				F7A741F41E36F3A5004AF3DB /* 038@2x.png */,
				F7A741F51E36F3A5004AF3DB /* 039@2x.png */,
				F7A741F61E36F3A5004AF3DB /* 040@2x.png */,
				F7A741F71E36F3A5004AF3DB /* 041@2x.png */,
				F7A741F81E36F3A5004AF3DB /* 042@2x.png */,
				F7A741F91E36F3A5004AF3DB /* 043@2x.png */,
				F7A741FA1E36F3A5004AF3DB /* 044@2x.png */,
				F7A741FB1E36F3A5004AF3DB /* 045@2x.png */,
				F7A741FC1E36F3A5004AF3DB /* 046@2x.png */,
				F7A741FD1E36F3A5004AF3DB /* 047@2x.png */,
				F7A741FE1E36F3A5004AF3DB /* 048@2x.png */,
				F7A741FF1E36F3A5004AF3DB /* 049@2x.png */,
				F7A742001E36F3A5004AF3DB /* 050@2x.png */,
				F7A742011E36F3A5004AF3DB /* 051@2x.png */,
				F7A742021E36F3A5004AF3DB /* 052@2x.png */,
				F7A742031E36F3A5004AF3DB /* 053@2x.png */,
				F7A742041E36F3A5004AF3DB /* 054@2x.png */,
				F7A742051E36F3A5004AF3DB /* 055@2x.png */,
				F7A742061E36F3A5004AF3DB /* 056@2x.png */,
				F7A742071E36F3A5004AF3DB /* 057@2x.png */,
				F7A742081E36F3A5004AF3DB /* 058@2x.png */,
				F7A742091E36F3A5004AF3DB /* 059@2x.png */,
				F7A7420A1E36F3A5004AF3DB /* 060@2x.png */,
				F7A7420B1E36F3A5004AF3DB /* 099@2x.png */,
			);
			path = face;
			sourceTree = "<group>";
		};
		F7A7420C1E36F3A5004AF3DB /* FaceImages */ = {
			isa = PBXGroup;
			children = (
				F7A7420D1E36F3A5004AF3DB /* active_page_image@2x.png */,
				F7A7420E1E36F3A5004AF3DB /* backFace@2x.png */,
				F7A7420F1E36F3A5004AF3DB /* backFaceSelect@2x.png */,
				F7A742101E36F3A5004AF3DB /* inactive_page_image@2x.png */,
			);
			path = FaceImages;
			sourceTree = "<group>";
		};
		F7A742561E372D21004AF3DB /* BLMessageInputToolBarViewController */ = {
			isa = PBXGroup;
			children = (
				F7A742571E372D4A004AF3DB /* BLMessageInputToolBarViewController.h */,
				F7A742581E372D4A004AF3DB /* BLMessageInputToolBarViewController.m */,
			);
			path = BLMessageInputToolBarViewController;
			sourceTree = "<group>";
		};
		F7A7425A1E373076004AF3DB /* BLMessageInputToolbar */ = {
			isa = PBXGroup;
			children = (
				F7A7425B1E373519004AF3DB /* BLMessageInputToolBarNode.h */,
				F7A7425C1E373519004AF3DB /* BLMessageInputToolBarNode.m */,
				F7AC8E531E48883C004E681C /* BLFaceBoardNode.h */,
				F7AC8E541E48883C004E681C /* BLFaceBoardNode.m */,
			);
			path = BLMessageInputToolbar;
			sourceTree = "<group>";
		};
/* End PBXGroup section */

/* Begin PBXNativeTarget section */
		F7546F761E2E2DA2003E38DE /* BLChat */ = {
			isa = PBXNativeTarget;
			buildConfigurationList = F7546FA41E2E2DA2003E38DE /* Build configuration list for PBXNativeTarget "BLChat" */;
			buildPhases = (
				577234E658A45449EA455ECD /* [CP] Check Pods Manifest.lock */,
				F7546F731E2E2DA2003E38DE /* Sources */,
				F7546F741E2E2DA2003E38DE /* Frameworks */,
				F7546F751E2E2DA2003E38DE /* Resources */,
				4B52BAEE9A052F787D9DAD5D /* [CP] Embed Pods Frameworks */,
				051D2F5CC3DE84A95F37ECFA /* [CP] Copy Pods Resources */,
			);
			buildRules = (
			);
			dependencies = (
			);
			name = BLChat;
			productName = BLChat;
			productReference = F7546F771E2E2DA2003E38DE /* BLChat.app */;
			productType = "com.apple.product-type.application";
		};
		F7546F8F1E2E2DA2003E38DE /* BLChatTests */ = {
			isa = PBXNativeTarget;
			buildConfigurationList = F7546FA71E2E2DA2003E38DE /* Build configuration list for PBXNativeTarget "BLChatTests" */;
			buildPhases = (
				F7546F8C1E2E2DA2003E38DE /* Sources */,
				F7546F8D1E2E2DA2003E38DE /* Frameworks */,
				F7546F8E1E2E2DA2003E38DE /* Resources */,
			);
			buildRules = (
			);
			dependencies = (
				F7546F921E2E2DA2003E38DE /* PBXTargetDependency */,
			);
			name = BLChatTests;
			productName = BLChatTests;
			productReference = F7546F901E2E2DA2003E38DE /* BLChatTests.xctest */;
			productType = "com.apple.product-type.bundle.unit-test";
		};
		F7546F9A1E2E2DA2003E38DE /* BLChatUITests */ = {
			isa = PBXNativeTarget;
			buildConfigurationList = F7546FAA1E2E2DA2003E38DE /* Build configuration list for PBXNativeTarget "BLChatUITests" */;
			buildPhases = (
				F7546F971E2E2DA2003E38DE /* Sources */,
				F7546F981E2E2DA2003E38DE /* Frameworks */,
				F7546F991E2E2DA2003E38DE /* Resources */,
			);
			buildRules = (
			);
			dependencies = (
				F7546F9D1E2E2DA2003E38DE /* PBXTargetDependency */,
			);
			name = BLChatUITests;
			productName = BLChatUITests;
			productReference = F7546F9B1E2E2DA2003E38DE /* BLChatUITests.xctest */;
			productType = "com.apple.product-type.bundle.ui-testing";
		};
/* End PBXNativeTarget section */

/* Begin PBXProject section */
		F7546F6F1E2E2DA2003E38DE /* Project object */ = {
			isa = PBXProject;
			attributes = {
				LastUpgradeCheck = 0820;
				ORGANIZATIONNAME = HZQ;
				TargetAttributes = {
					F7546F761E2E2DA2003E38DE = {
						CreatedOnToolsVersion = 8.2.1;
						DevelopmentTeam = U7FB52A877;
						ProvisioningStyle = Automatic;
					};
					F7546F8F1E2E2DA2003E38DE = {
						CreatedOnToolsVersion = 8.2.1;
						ProvisioningStyle = Automatic;
						TestTargetID = F7546F761E2E2DA2003E38DE;
					};
					F7546F9A1E2E2DA2003E38DE = {
						CreatedOnToolsVersion = 8.2.1;
						ProvisioningStyle = Automatic;
						TestTargetID = F7546F761E2E2DA2003E38DE;
					};
				};
			};
			buildConfigurationList = F7546F721E2E2DA2003E38DE /* Build configuration list for PBXProject "BLChat" */;
			compatibilityVersion = "Xcode 3.2";
			developmentRegion = English;
			hasScannedForEncodings = 0;
			knownRegions = (
				en,
				Base,
			);
			mainGroup = F7546F6E1E2E2DA2003E38DE;
			productRefGroup = F7546F781E2E2DA2003E38DE /* Products */;
			projectDirPath = "";
			projectRoot = "";
			targets = (
				F7546F761E2E2DA2003E38DE /* BLChat */,
				F7546F8F1E2E2DA2003E38DE /* BLChatTests */,
				F7546F9A1E2E2DA2003E38DE /* BLChatUITests */,
			);
		};
/* End PBXProject section */

/* Begin PBXResourcesBuildPhase section */
		F7546F751E2E2DA2003E38DE /* Resources */ = {
			isa = PBXResourcesBuildPhase;
			buildActionMask = 2147483647;
			files = (
				8436C1071E38AF8300E53F50 /* receive_MsgBg@3x.png in Resources */,
				8436C0F71E38AF5800E53F50 /* send_MsgBg_Plain_n@3x.png in Resources */,
				8436C1051E38AF8300E53F50 /* receive_MsgBg_h@3x.png in Resources */,
				8436C0F41E38AF5800E53F50 /* send_MsgBg_Plain_h@2x.png in Resources */,
				F7A742461E36F3A5004AF3DB /* 050@2x.png in Resources */,
				8422589F1E48666C007407CA /* VoiceSearchFeedback003@2x.png in Resources */,
				F7A742191E36F3A5004AF3DB /* 005@2x.png in Resources */,
				F7872C111E373CE00089C176 /* Message_List_Keyboard_H@3x.png in Resources */,
				F7872BFA1E373CCC0089C176 /* Message_List_Voice_N@2x.png in Resources */,
				8436C0FB1E38AF5800E53F50 /* send_MsgBg_S@3x.png in Resources */,
				F7A7424A1E36F3A5004AF3DB /* 054@2x.png in Resources */,
				F7A742301E36F3A5004AF3DB /* 028@2x.png in Resources */,
				8422589B1E48666C007407CA /* audioPlay_n@2x.png in Resources */,
				F7A742281E36F3A5004AF3DB /* 020@2x.png in Resources */,
				F7A742441E36F3A5004AF3DB /* 048@2x.png in Resources */,
				F7872C121E373CE00089C176 /* Message_List_Keyboard_N@2x.png in Resources */,
				F7A7424C1E36F3A5004AF3DB /* 056@2x.png in Resources */,
				F7A7424B1E36F3A5004AF3DB /* 055@2x.png in Resources */,
				F7A742231E36F3A5004AF3DB /* 015@2x.png in Resources */,
				F7A742481E36F3A5004AF3DB /* 052@2x.png in Resources */,
				F7A742471E36F3A5004AF3DB /* 051@2x.png in Resources */,
				F7872C161E373CE00089C176 /* Message_List_More_N@2x.png in Resources */,
				F7A7424F1E36F3A5004AF3DB /* 059@2x.png in Resources */,
				F7A742451E36F3A5004AF3DB /* 049@2x.png in Resources */,
				F7872C131E373CE00089C176 /* Message_List_Keyboard_N@3x.png in Resources */,
				F7A742161E36F3A5004AF3DB /* 002@2x.png in Resources */,
				F7A7422C1E36F3A5004AF3DB /* 024@2x.png in Resources */,
				F7A7421D1E36F3A5004AF3DB /* 009@2x.png in Resources */,
				F7A742391E36F3A5004AF3DB /* 037@2x.png in Resources */,
				F7A742381E36F3A5004AF3DB /* 036@2x.png in Resources */,
				F7872C001E373CD60089C176 /* Message_List_Recent_H@2x.png in Resources */,
				F7A7421E1E36F3A5004AF3DB /* 010@2x.png in Resources */,
				F7A7423C1E36F3A5004AF3DB /* 040@2x.png in Resources */,
				8436C0F51E38AF5800E53F50 /* send_MsgBg_Plain_h@3x.png in Resources */,
				F7A742241E36F3A5004AF3DB /* 016@2x.png in Resources */,
				F7872C201E37413C0089C176 /* Message_List_Emoji_H@2x.png in Resources */,
				F7A742361E36F3A5004AF3DB /* 034@2x.png in Resources */,
				F7A7421C1E36F3A5004AF3DB /* 008@2x.png in Resources */,
				8436C1081E38AF8300E53F50 /* receive_MsgBgplay@2x.png in Resources */,
				8436C1061E38AF8300E53F50 /* receive_MsgBg@2x.png in Resources */,
				F7A7421B1E36F3A5004AF3DB /* 007@2x.png in Resources */,
				F7A742431E36F3A5004AF3DB /* 047@2x.png in Resources */,
				F7872BF81E373CCC0089C176 /* Message_List_Voice_H@2x.png in Resources */,
				8436C0FD1E38AF5800E53F50 /* send_MsgBg@3x.png in Resources */,
				F7A7422B1E36F3A5004AF3DB /* 023@2x.png in Resources */,
				F7A742421E36F3A5004AF3DB /* 046@2x.png in Resources */,
				F7872C221E37413C0089C176 /* Message_List_Emoji_N@2x.png in Resources */,
				F7A742531E36F3A5004AF3DB /* backFace@2x.png in Resources */,
				F7546F871E2E2DA2003E38DE /* Assets.xcassets in Resources */,
				F7A7422D1E36F3A5004AF3DB /* 025@2x.png in Resources */,
				F7A7422A1E36F3A5004AF3DB /* 022@2x.png in Resources */,
				F7872C011E373CD60089C176 /* Message_List_Recent_H@3x.png in Resources */,
				F7A7423F1E36F3A5004AF3DB /* 043@2x.png in Resources */,
				F7872C031E373CD60089C176 /* Message_List_Recent_N@3x.png in Resources */,
				F7A742351E36F3A5004AF3DB /* 033@2x.png in Resources */,
				8436C0FA1E38AF5800E53F50 /* send_MsgBg_S@2x.png in Resources */,
				F7A742181E36F3A5004AF3DB /* 004@2x.png in Resources */,
				8422589A1E48666C007407CA /* audioMic@2x.png in Resources */,
				F7A7423D1E36F3A5004AF3DB /* 041@2x.png in Resources */,
				F7872C141E373CE00089C176 /* Message_List_More_H@2x.png in Resources */,
				F7872C191E373CE00089C176 /* Message_List_MoreC_H@3x.png in Resources */,
				842258A11E48666C007407CA /* VoiceSearchFeedback005@2x.png in Resources */,
				F7A7424D1E36F3A5004AF3DB /* 057@2x.png in Resources */,
				F7A742251E36F3A5004AF3DB /* 017@2x.png in Resources */,
				F7872C021E373CD60089C176 /* Message_List_Recent_N@2x.png in Resources */,
				F7A742141E36F3A5004AF3DB /* Lulu.plist in Resources */,
				842258A01E48666C007407CA /* VoiceSearchFeedback004@2x.png in Resources */,
				F7872C181E373CE00089C176 /* Message_List_MoreC_H@2x.png in Resources */,
				F7A7423E1E36F3A5004AF3DB /* 042@2x.png in Resources */,
				F7A742201E36F3A5004AF3DB /* 012@2x.png in Resources */,
				F7A742151E36F3A5004AF3DB /* 001@2x.png in Resources */,
				F7872BF91E373CCC0089C176 /* Message_List_Voice_H@3x.png in Resources */,
				F7A742541E36F3A5004AF3DB /* backFaceSelect@2x.png in Resources */,
				F7A742491E36F3A5004AF3DB /* 053@2x.png in Resources */,
				F7872C1A1E373CE00089C176 /* Message_List_MoreC_N@2x.png in Resources */,
				F7A742311E36F3A5004AF3DB /* 029@2x.png in Resources */,
				F7A742551E36F3A5004AF3DB /* inactive_page_image@2x.png in Resources */,
				F7A7424E1E36F3A5004AF3DB /* 058@2x.png in Resources */,
				F7A742321E36F3A5004AF3DB /* 030@2x.png in Resources */,
				F7A742401E36F3A5004AF3DB /* 044@2x.png in Resources */,
				F7A7421F1E36F3A5004AF3DB /* 011@2x.png in Resources */,
				F7A742341E36F3A5004AF3DB /* 032@2x.png in Resources */,
				842258A41E4866B5007407CA /* audio_n@2x.png in Resources */,
				F7A742271E36F3A5004AF3DB /* 019@2x.png in Resources */,
				F7A7422F1E36F3A5004AF3DB /* 027@2x.png in Resources */,
				F7872C1B1E373CE00089C176 /* Message_List_MoreC_N@3x.png in Resources */,
				8436C10B1E38B1A700E53F50 /* beiliao@2x.png in Resources */,
				F7872BFB1E373CCC0089C176 /* Message_List_Voice_N@3x.png in Resources */,
				8436C0F81E38AF5800E53F50 /* send_MsgBg_S_Play@2x.png in Resources */,
				F7A7421A1E36F3A5004AF3DB /* 006@2x.png in Resources */,
				F7872C231E37413C0089C176 /* Message_List_Emoji_N@3x.png in Resources */,
				F7A7423A1E36F3A5004AF3DB /* 038@2x.png in Resources */,
				8436C1041E38AF8300E53F50 /* receive_MsgBg_h@2x.png in Resources */,
				F7A742221E36F3A5004AF3DB /* 014@2x.png in Resources */,
				8436C1091E38AF8300E53F50 /* receive_MsgBgplay@3x.png in Resources */,
				F7A742291E36F3A5004AF3DB /* 021@2x.png in Resources */,
				F7A742411E36F3A5004AF3DB /* 045@2x.png in Resources */,
				F7A742511E36F3A5004AF3DB /* 099@2x.png in Resources */,
				F7A7423B1E36F3A5004AF3DB /* 039@2x.png in Resources */,
				F7A7422E1E36F3A5004AF3DB /* 026@2x.png in Resources */,
				F7A742171E36F3A5004AF3DB /* 003@2x.png in Resources */,
				F7872C101E373CE00089C176 /* Message_List_Keyboard_H@2x.png in Resources */,
				8436C0F21E38AF5800E53F50 /* send_MsgBg_h@2x.png in Resources */,
				8422589C1E48666C007407CA /* audioPlay_n@3x.png in Resources */,
				F7872C171E373CE00089C176 /* Message_List_More_N@3x.png in Resources */,
				F7A742521E36F3A5004AF3DB /* active_page_image@2x.png in Resources */,
				F7A742211E36F3A5004AF3DB /* 013@2x.png in Resources */,
				F7872C151E373CE00089C176 /* Message_List_More_H@3x.png in Resources */,
				8422589D1E48666C007407CA /* VoiceSearchFeedback001@2x.png in Resources */,
				8422589E1E48666C007407CA /* VoiceSearchFeedback002@2x.png in Resources */,
				F7A742261E36F3A5004AF3DB /* 018@2x.png in Resources */,
				8436C0FC1E38AF5800E53F50 /* send_MsgBg@2x.png in Resources */,
				F7872C211E37413C0089C176 /* Message_List_Emoji_H@3x.png in Resources */,
				842258A51E4866B5007407CA /* audio_n@3x.png in Resources */,
				F7546F851E2E2DA2003E38DE /* Main.storyboard in Resources */,
				8436C0F91E38AF5800E53F50 /* send_MsgBg_S_Play@3x.png in Resources */,
				F7A742501E36F3A5004AF3DB /* 060@2x.png in Resources */,
				F7A742331E36F3A5004AF3DB /* 031@2x.png in Resources */,
				F7A742371E36F3A5004AF3DB /* 035@2x.png in Resources */,
				8436C0F61E38AF5800E53F50 /* send_MsgBg_Plain_n@2x.png in Resources */,
				8436C0F31E38AF5800E53F50 /* send_MsgBg_h@3x.png in Resources */,
			);
			runOnlyForDeploymentPostprocessing = 0;
		};
		F7546F8E1E2E2DA2003E38DE /* Resources */ = {
			isa = PBXResourcesBuildPhase;
			buildActionMask = 2147483647;
			files = (
			);
			runOnlyForDeploymentPostprocessing = 0;
		};
		F7546F991E2E2DA2003E38DE /* Resources */ = {
			isa = PBXResourcesBuildPhase;
			buildActionMask = 2147483647;
			files = (
			);
			runOnlyForDeploymentPostprocessing = 0;
		};
/* End PBXResourcesBuildPhase section */

/* Begin PBXShellScriptBuildPhase section */
		051D2F5CC3DE84A95F37ECFA /* [CP] Copy Pods Resources */ = {
			isa = PBXShellScriptBuildPhase;
			buildActionMask = 2147483647;
			files = (
			);
			inputPaths = (
			);
			name = "[CP] Copy Pods Resources";
			outputPaths = (
			);
			runOnlyForDeploymentPostprocessing = 0;
			shellPath = /bin/sh;
			shellScript = "\"${SRCROOT}/Pods/Target Support Files/Pods-BLChat/Pods-BLChat-resources.sh\"\n";
			showEnvVarsInLog = 0;
		};
		4B52BAEE9A052F787D9DAD5D /* [CP] Embed Pods Frameworks */ = {
			isa = PBXShellScriptBuildPhase;
			buildActionMask = 2147483647;
			files = (
			);
			inputPaths = (
			);
			name = "[CP] Embed Pods Frameworks";
			outputPaths = (
			);
			runOnlyForDeploymentPostprocessing = 0;
			shellPath = /bin/sh;
			shellScript = "\"${SRCROOT}/Pods/Target Support Files/Pods-BLChat/Pods-BLChat-frameworks.sh\"\n";
			showEnvVarsInLog = 0;
		};
		577234E658A45449EA455ECD /* [CP] Check Pods Manifest.lock */ = {
			isa = PBXShellScriptBuildPhase;
			buildActionMask = 2147483647;
			files = (
			);
			inputPaths = (
			);
			name = "[CP] Check Pods Manifest.lock";
			outputPaths = (
			);
			runOnlyForDeploymentPostprocessing = 0;
			shellPath = /bin/sh;
			shellScript = "diff \"${PODS_ROOT}/../Podfile.lock\" \"${PODS_ROOT}/Manifest.lock\" > /dev/null\nif [ $? != 0 ] ; then\n    # print error to STDERR\n    echo \"error: The sandbox is not in sync with the Podfile.lock. Run 'pod install' or update your CocoaPods installation.\" >&2\n    exit 1\nfi\n";
			showEnvVarsInLog = 0;
		};
/* End PBXShellScriptBuildPhase section */

/* Begin PBXSourcesBuildPhase section */
		F7546F731E2E2DA2003E38DE /* Sources */ = {
			isa = PBXSourcesBuildPhase;
			buildActionMask = 2147483647;
			files = (
				845133A71E363A1C00E57E09 /* BLMessage.m in Sources */,
				F7546F821E2E2DA2003E38DE /* ViewController.m in Sources */,
				F7A7425D1E373519004AF3DB /* BLMessageInputToolBarNode.m in Sources */,
				F76776341E37623B006F36C3 /* BLMessagesViewController.m in Sources */,
				F7A742111E36F3A5004AF3DB /* FaceBoard.m in Sources */,
				F7A742591E372D4A004AF3DB /* BLMessageInputToolBarViewController.m in Sources */,
				842258681E481B51007407CA /* BLDateFormatter.m in Sources */,
				F7546F7F1E2E2DA2003E38DE /* AppDelegate.m in Sources */,
				842258911E485C63007407CA /* BLMessagesAudioContentNode.m in Sources */,
				F7546F7C1E2E2DA2003E38DE /* main.m in Sources */,
				828C9E16040015E619F1662F /* BLMessagesViewControllerDataSource.m in Sources */,
				828C91531E7995D8E1ACAE0B /* BLMessagesCollectionNode.m in Sources */,
				828C9A7A5C7D167DDC6CB815 /* BLMessagesConstant.m in Sources */,
				828C9BD0EE568D8DA8F22EFB /* BLMessagesCollectionNodeCell.m in Sources */,
				F7AC8E551E48883C004E681C /* BLFaceBoardNode.m in Sources */,
				828C98D1F851ECAA3166AC08 /* BLMessagesTimeSeparatorNode.m in Sources */,
				828C9078D8DF34C575A6B1EF /* BLMessagesContentNode.m in Sources */,
				828C9395A2391420F48C7527 /* BLMessagesTextContentNode.m in Sources */,
				828C9C5CB552638314850B7E /* BLMessagesPhotoContentNode.m in Sources */,
				F7A742121E36F3A5004AF3DB /* FaceButton.m in Sources */,
				F7A742131E36F3A5004AF3DB /* GrayPageControl.m in Sources */,
				828C9A05BDABE16CACCD0837 /* BLTextMessage.m in Sources */,
			);
			runOnlyForDeploymentPostprocessing = 0;
		};
		F7546F8C1E2E2DA2003E38DE /* Sources */ = {
			isa = PBXSourcesBuildPhase;
			buildActionMask = 2147483647;
			files = (
				F7546F951E2E2DA2003E38DE /* BLChatTests.m in Sources */,
			);
			runOnlyForDeploymentPostprocessing = 0;
		};
		F7546F971E2E2DA2003E38DE /* Sources */ = {
			isa = PBXSourcesBuildPhase;
			buildActionMask = 2147483647;
			files = (
				F7546FA01E2E2DA2003E38DE /* BLChatUITests.m in Sources */,
			);
			runOnlyForDeploymentPostprocessing = 0;
		};
/* End PBXSourcesBuildPhase section */

/* Begin PBXTargetDependency section */
		F7546F921E2E2DA2003E38DE /* PBXTargetDependency */ = {
			isa = PBXTargetDependency;
			target = F7546F761E2E2DA2003E38DE /* BLChat */;
			targetProxy = F7546F911E2E2DA2003E38DE /* PBXContainerItemProxy */;
		};
		F7546F9D1E2E2DA2003E38DE /* PBXTargetDependency */ = {
			isa = PBXTargetDependency;
			target = F7546F761E2E2DA2003E38DE /* BLChat */;
			targetProxy = F7546F9C1E2E2DA2003E38DE /* PBXContainerItemProxy */;
		};
/* End PBXTargetDependency section */

/* Begin PBXVariantGroup section */
		F7546F831E2E2DA2003E38DE /* Main.storyboard */ = {
			isa = PBXVariantGroup;
			children = (
				F7546F841E2E2DA2003E38DE /* Base */,
			);
			name = Main.storyboard;
			sourceTree = "<group>";
		};
		F7546F881E2E2DA2003E38DE /* LaunchScreen.storyboard */ = {
			isa = PBXVariantGroup;
			children = (
				F7546F891E2E2DA2003E38DE /* Base */,
			);
			name = LaunchScreen.storyboard;
			sourceTree = "<group>";
		};
/* End PBXVariantGroup section */

/* Begin XCBuildConfiguration section */
		F7546FA21E2E2DA2003E38DE /* Debug */ = {
			isa = XCBuildConfiguration;
			buildSettings = {
				ALWAYS_SEARCH_USER_PATHS = NO;
				CLANG_ANALYZER_NONNULL = YES;
				CLANG_CXX_LANGUAGE_STANDARD = "gnu++0x";
				CLANG_CXX_LIBRARY = "libc++";
				CLANG_ENABLE_MODULES = YES;
				CLANG_ENABLE_OBJC_ARC = YES;
				CLANG_WARN_BOOL_CONVERSION = YES;
				CLANG_WARN_CONSTANT_CONVERSION = YES;
				CLANG_WARN_DIRECT_OBJC_ISA_USAGE = YES_ERROR;
				CLANG_WARN_DOCUMENTATION_COMMENTS = YES;
				CLANG_WARN_EMPTY_BODY = YES;
				CLANG_WARN_ENUM_CONVERSION = YES;
				CLANG_WARN_INFINITE_RECURSION = YES;
				CLANG_WARN_INT_CONVERSION = YES;
				CLANG_WARN_OBJC_ROOT_CLASS = YES_ERROR;
				CLANG_WARN_SUSPICIOUS_MOVE = YES;
				CLANG_WARN_UNREACHABLE_CODE = YES;
				CLANG_WARN__DUPLICATE_METHOD_MATCH = YES;
				"CODE_SIGN_IDENTITY[sdk=iphoneos*]" = "iPhone Developer";
				COPY_PHASE_STRIP = NO;
				DEBUG_INFORMATION_FORMAT = dwarf;
				ENABLE_STRICT_OBJC_MSGSEND = YES;
				ENABLE_TESTABILITY = YES;
				GCC_C_LANGUAGE_STANDARD = gnu99;
				GCC_DYNAMIC_NO_PIC = NO;
				GCC_NO_COMMON_BLOCKS = YES;
				GCC_OPTIMIZATION_LEVEL = 0;
				GCC_PREPROCESSOR_DEFINITIONS = (
					"DEBUG=1",
					"$(inherited)",
				);
				GCC_WARN_64_TO_32_BIT_CONVERSION = YES;
				GCC_WARN_ABOUT_RETURN_TYPE = YES_ERROR;
				GCC_WARN_UNDECLARED_SELECTOR = YES;
				GCC_WARN_UNINITIALIZED_AUTOS = YES_AGGRESSIVE;
				GCC_WARN_UNUSED_FUNCTION = YES;
				GCC_WARN_UNUSED_VARIABLE = YES;
				IPHONEOS_DEPLOYMENT_TARGET = 9.0;
				MTL_ENABLE_DEBUG_INFO = YES;
				ONLY_ACTIVE_ARCH = YES;
				SDKROOT = iphoneos;
				TARGETED_DEVICE_FAMILY = "1,2";
			};
			name = Debug;
		};
		F7546FA31E2E2DA2003E38DE /* Release */ = {
			isa = XCBuildConfiguration;
			buildSettings = {
				ALWAYS_SEARCH_USER_PATHS = NO;
				CLANG_ANALYZER_NONNULL = YES;
				CLANG_CXX_LANGUAGE_STANDARD = "gnu++0x";
				CLANG_CXX_LIBRARY = "libc++";
				CLANG_ENABLE_MODULES = YES;
				CLANG_ENABLE_OBJC_ARC = YES;
				CLANG_WARN_BOOL_CONVERSION = YES;
				CLANG_WARN_CONSTANT_CONVERSION = YES;
				CLANG_WARN_DIRECT_OBJC_ISA_USAGE = YES_ERROR;
				CLANG_WARN_DOCUMENTATION_COMMENTS = YES;
				CLANG_WARN_EMPTY_BODY = YES;
				CLANG_WARN_ENUM_CONVERSION = YES;
				CLANG_WARN_INFINITE_RECURSION = YES;
				CLANG_WARN_INT_CONVERSION = YES;
				CLANG_WARN_OBJC_ROOT_CLASS = YES_ERROR;
				CLANG_WARN_SUSPICIOUS_MOVE = YES;
				CLANG_WARN_UNREACHABLE_CODE = YES;
				CLANG_WARN__DUPLICATE_METHOD_MATCH = YES;
				"CODE_SIGN_IDENTITY[sdk=iphoneos*]" = "iPhone Developer";
				COPY_PHASE_STRIP = NO;
				DEBUG_INFORMATION_FORMAT = "dwarf-with-dsym";
				ENABLE_NS_ASSERTIONS = NO;
				ENABLE_STRICT_OBJC_MSGSEND = YES;
				GCC_C_LANGUAGE_STANDARD = gnu99;
				GCC_NO_COMMON_BLOCKS = YES;
				GCC_WARN_64_TO_32_BIT_CONVERSION = YES;
				GCC_WARN_ABOUT_RETURN_TYPE = YES_ERROR;
				GCC_WARN_UNDECLARED_SELECTOR = YES;
				GCC_WARN_UNINITIALIZED_AUTOS = YES_AGGRESSIVE;
				GCC_WARN_UNUSED_FUNCTION = YES;
				GCC_WARN_UNUSED_VARIABLE = YES;
				IPHONEOS_DEPLOYMENT_TARGET = 9.0;
				MTL_ENABLE_DEBUG_INFO = NO;
				SDKROOT = iphoneos;
				TARGETED_DEVICE_FAMILY = "1,2";
				VALIDATE_PRODUCT = YES;
			};
			name = Release;
		};
		F7546FA51E2E2DA2003E38DE /* Debug */ = {
			isa = XCBuildConfiguration;
			baseConfigurationReference = 03DF93984C9E9A3DDCC27876 /* Pods-BLChat.debug.xcconfig */;
			buildSettings = {
				ASSETCATALOG_COMPILER_APPICON_NAME = AppIcon;
				DEVELOPMENT_TEAM = U7FB52A877;
				GCC_PRECOMPILE_PREFIX_HEADER = YES;
				GCC_PREFIX_HEADER = "BLChat-prefix.pch";
				INFOPLIST_FILE = BLChat/Info.plist;
				IPHONEOS_DEPLOYMENT_TARGET = 8.0;
				LD_RUNPATH_SEARCH_PATHS = "$(inherited) @executable_path/Frameworks";
				PRODUCT_BUNDLE_IDENTIFIER = com.beiliao.BLChat;
				PRODUCT_NAME = "$(TARGET_NAME)";
			};
			name = Debug;
		};
		F7546FA61E2E2DA2003E38DE /* Release */ = {
			isa = XCBuildConfiguration;
			baseConfigurationReference = BB7AD314456607B3B54830D2 /* Pods-BLChat.release.xcconfig */;
			buildSettings = {
				ASSETCATALOG_COMPILER_APPICON_NAME = AppIcon;
				DEVELOPMENT_TEAM = U7FB52A877;
				GCC_PRECOMPILE_PREFIX_HEADER = YES;
				GCC_PREFIX_HEADER = "BLChat-prefix.pch";
				INFOPLIST_FILE = BLChat/Info.plist;
				IPHONEOS_DEPLOYMENT_TARGET = 8.0;
				LD_RUNPATH_SEARCH_PATHS = "$(inherited) @executable_path/Frameworks";
				PRODUCT_BUNDLE_IDENTIFIER = com.beiliao.BLChat;
				PRODUCT_NAME = "$(TARGET_NAME)";
			};
			name = Release;
		};
		F7546FA81E2E2DA2003E38DE /* Debug */ = {
			isa = XCBuildConfiguration;
			buildSettings = {
				BUNDLE_LOADER = "$(TEST_HOST)";
				INFOPLIST_FILE = BLChatTests/Info.plist;
				LD_RUNPATH_SEARCH_PATHS = "$(inherited) @executable_path/Frameworks @loader_path/Frameworks";
				PRODUCT_BUNDLE_IDENTIFIER = com.beiliao.BLChatTests;
				PRODUCT_NAME = "$(TARGET_NAME)";
				TEST_HOST = "$(BUILT_PRODUCTS_DIR)/BLChat.app/BLChat";
			};
			name = Debug;
		};
		F7546FA91E2E2DA2003E38DE /* Release */ = {
			isa = XCBuildConfiguration;
			buildSettings = {
				BUNDLE_LOADER = "$(TEST_HOST)";
				INFOPLIST_FILE = BLChatTests/Info.plist;
				LD_RUNPATH_SEARCH_PATHS = "$(inherited) @executable_path/Frameworks @loader_path/Frameworks";
				PRODUCT_BUNDLE_IDENTIFIER = com.beiliao.BLChatTests;
				PRODUCT_NAME = "$(TARGET_NAME)";
				TEST_HOST = "$(BUILT_PRODUCTS_DIR)/BLChat.app/BLChat";
			};
			name = Release;
		};
		F7546FAB1E2E2DA2003E38DE /* Debug */ = {
			isa = XCBuildConfiguration;
			buildSettings = {
				INFOPLIST_FILE = BLChatUITests/Info.plist;
				LD_RUNPATH_SEARCH_PATHS = "$(inherited) @executable_path/Frameworks @loader_path/Frameworks";
				PRODUCT_BUNDLE_IDENTIFIER = com.beiliao.BLChatUITests;
				PRODUCT_NAME = "$(TARGET_NAME)";
				TEST_TARGET_NAME = BLChat;
			};
			name = Debug;
		};
		F7546FAC1E2E2DA2003E38DE /* Release */ = {
			isa = XCBuildConfiguration;
			buildSettings = {
				INFOPLIST_FILE = BLChatUITests/Info.plist;
				LD_RUNPATH_SEARCH_PATHS = "$(inherited) @executable_path/Frameworks @loader_path/Frameworks";
				PRODUCT_BUNDLE_IDENTIFIER = com.beiliao.BLChatUITests;
				PRODUCT_NAME = "$(TARGET_NAME)";
				TEST_TARGET_NAME = BLChat;
			};
			name = Release;
		};
/* End XCBuildConfiguration section */

/* Begin XCConfigurationList section */
		F7546F721E2E2DA2003E38DE /* Build configuration list for PBXProject "BLChat" */ = {
			isa = XCConfigurationList;
			buildConfigurations = (
				F7546FA21E2E2DA2003E38DE /* Debug */,
				F7546FA31E2E2DA2003E38DE /* Release */,
			);
			defaultConfigurationIsVisible = 0;
			defaultConfigurationName = Release;
		};
		F7546FA41E2E2DA2003E38DE /* Build configuration list for PBXNativeTarget "BLChat" */ = {
			isa = XCConfigurationList;
			buildConfigurations = (
				F7546FA51E2E2DA2003E38DE /* Debug */,
				F7546FA61E2E2DA2003E38DE /* Release */,
			);
			defaultConfigurationIsVisible = 0;
			defaultConfigurationName = Release;
		};
		F7546FA71E2E2DA2003E38DE /* Build configuration list for PBXNativeTarget "BLChatTests" */ = {
			isa = XCConfigurationList;
			buildConfigurations = (
				F7546FA81E2E2DA2003E38DE /* Debug */,
				F7546FA91E2E2DA2003E38DE /* Release */,
			);
			defaultConfigurationIsVisible = 0;
			defaultConfigurationName = Release;
		};
		F7546FAA1E2E2DA2003E38DE /* Build configuration list for PBXNativeTarget "BLChatUITests" */ = {
			isa = XCConfigurationList;
			buildConfigurations = (
				F7546FAB1E2E2DA2003E38DE /* Debug */,
				F7546FAC1E2E2DA2003E38DE /* Release */,
			);
			defaultConfigurationIsVisible = 0;
			defaultConfigurationName = Release;
		};
/* End XCConfigurationList section */
	};
	rootObject = F7546F6F1E2E2DA2003E38DE /* Project object */;
}
